<?xml version="1.0" encoding="utf-8"?>
<Project ToolsVersion="4.0" xmlns="http://schemas.microsoft.com/developer/msbuild/2003">
  <ItemGroup>
    <Filter Include="source">
      <UniqueIdentifier>{6dc236a2-3167-4418-94cd-c5c8f22f2ba3}</UniqueIdentifier>
    </Filter>
    <Filter Include="source\crtw32">
      <UniqueIdentifier>{50a73789-f291-44fd-b406-af02554d40cd}</UniqueIdentifier>
    </Filter>
    <Filter Include="source\fpw32">
      <UniqueIdentifier>{16638fe6-e460-420f-a10c-cbcb9428e2af}</UniqueIdentifier>
    </Filter>
    <Filter Include="source\crtw32\convert">
      <UniqueIdentifier>{9e2f3258-1fa2-4990-8643-b6e39563a815}</UniqueIdentifier>
    </Filter>
    <Filter Include="source\crtw32\direct">
      <UniqueIdentifier>{804003e9-88c1-4e52-9ead-10e2f6657fad}</UniqueIdentifier>
    </Filter>
    <Filter Include="source\crtw32\dos">
      <UniqueIdentifier>{30e22c9e-627e-48b5-8ecb-001f3655753c}</UniqueIdentifier>
    </Filter>
    <Filter Include="source\crtw32\eh">
      <UniqueIdentifier>{a36c9f91-30a1-4249-a662-62a53d07ad97}</UniqueIdentifier>
    </Filter>
    <Filter Include="source\crtw32\exec">
      <UniqueIdentifier>{10f53cda-3f44-4a3a-96b3-ddeaa58d5976}</UniqueIdentifier>
    </Filter>
    <Filter Include="source\crtw32\h">
      <UniqueIdentifier>{f3a92394-ad9b-4e19-a6d7-11317155d1f6}</UniqueIdentifier>
    </Filter>
    <Filter Include="source\crtw32\heap">
      <UniqueIdentifier>{64119db8-b7af-403b-b596-e16405547df5}</UniqueIdentifier>
    </Filter>
    <Filter Include="source\crtw32\helper">
      <UniqueIdentifier>{925f4135-3bce-4465-a0fe-634310fc2117}</UniqueIdentifier>
    </Filter>
    <Filter Include="source\crtw32\iostream">
      <UniqueIdentifier>{bcb391aa-24ef-42a4-a469-85d26d759b81}</UniqueIdentifier>
    </Filter>
    <Filter Include="source\crtw32\lowio">
      <UniqueIdentifier>{785aa118-4f0d-417e-818e-92959458898e}</UniqueIdentifier>
    </Filter>
    <Filter Include="source\crtw32\mbstring">
      <UniqueIdentifier>{b63844d7-6224-4066-9f41-eed787de534d}</UniqueIdentifier>
    </Filter>
    <Filter Include="source\crtw32\misc">
      <UniqueIdentifier>{36864d0e-a707-46ce-9244-d8502975f739}</UniqueIdentifier>
    </Filter>
    <Filter Include="source\crtw32\small">
      <UniqueIdentifier>{8a2ef4ef-2875-45b7-8fd4-926800197ec2}</UniqueIdentifier>
    </Filter>
    <Filter Include="source\crtw32\startup">
      <UniqueIdentifier>{54afd972-e682-4b43-bcc5-17512fc98bfe}</UniqueIdentifier>
    </Filter>
    <Filter Include="source\crtw32\stdio">
      <UniqueIdentifier>{719853e8-d64e-4f7c-9359-3f47157a0ca5}</UniqueIdentifier>
    </Filter>
    <Filter Include="source\crtw32\string">
      <UniqueIdentifier>{9d380b9a-5b30-45df-a44a-0730fe49d211}</UniqueIdentifier>
    </Filter>
    <Filter Include="source\crtw32\time">
      <UniqueIdentifier>{a7a93963-e187-44e5-b3fc-3ab159142df4}</UniqueIdentifier>
    </Filter>
    <Filter Include="source\crtw32\winheap">
      <UniqueIdentifier>{8fbc0076-9acf-45d3-ada1-dc8e0c8a2552}</UniqueIdentifier>
    </Filter>
    <Filter Include="source\crtw32\h\sys">
      <UniqueIdentifier>{90ccd714-e051-456e-82c4-43172b2b6ff4}</UniqueIdentifier>
    </Filter>
    <Filter Include="source\fpw32\conv">
      <UniqueIdentifier>{21ff4d55-4737-4089-9ae5-2b332561f027}</UniqueIdentifier>
    </Filter>
    <Filter Include="source\fpw32\inc">
      <UniqueIdentifier>{2ba47e46-6cdc-42ec-802a-ed5529a96c47}</UniqueIdentifier>
    </Filter>
    <Filter Include="source\fpw32\include">
      <UniqueIdentifier>{a1395e7e-10d0-49f3-a2a6-d808b6fb6f75}</UniqueIdentifier>
    </Filter>
    <Filter Include="source\fpw32\tran">
      <UniqueIdentifier>{1fbb81fa-ad91-4430-b613-c03e234d354f}</UniqueIdentifier>
    </Filter>
  </ItemGroup>
  <ItemGroup>
    <ClCompile Include="source\crtw32\convert\_ctype.c">
      <Filter>source\crtw32\convert</Filter>
    </ClCompile>
    <ClCompile Include="source\crtw32\convert\_fptostr.c">
      <Filter>source\crtw32\convert</Filter>
    </ClCompile>
    <ClCompile Include="source\crtw32\convert\_mbslen.c">
      <Filter>source\crtw32\convert</Filter>
    </ClCompile>
    <ClCompile Include="source\crtw32\convert\_wctype.c">
      <Filter>source\crtw32\convert</Filter>
    </ClCompile>
    <ClCompile Include="source\crtw32\convert\atof.c">
      <Filter>source\crtw32\convert</Filter>
    </ClCompile>
    <ClCompile Include="source\crtw32\convert\atox.c">
      <Filter>source\crtw32\convert</Filter>
    </ClCompile>
    <ClCompile Include="source\crtw32\convert\fcvt.c">
      <Filter>source\crtw32\convert</Filter>
    </ClCompile>
    <ClCompile Include="source\crtw32\convert\gcvt.c">
      <Filter>source\crtw32\convert</Filter>
    </ClCompile>
    <ClCompile Include="source\crtw32\convert\isctype.c">
      <Filter>source\crtw32\convert</Filter>
    </ClCompile>
    <ClCompile Include="source\crtw32\convert\iswctype.c">
      <Filter>source\crtw32\convert</Filter>
    </ClCompile>
    <ClCompile Include="source\crtw32\convert\mblen.c">
      <Filter>source\crtw32\convert</Filter>
    </ClCompile>
    <ClCompile Include="source\crtw32\convert\mbstowcs.c">
      <Filter>source\crtw32\convert</Filter>
    </ClCompile>
    <ClCompile Include="source\crtw32\convert\mbtowc.c">
      <Filter>source\crtw32\convert</Filter>
    </ClCompile>
    <ClCompile Include="source\crtw32\convert\strtod.c">
      <Filter>source\crtw32\convert</Filter>
    </ClCompile>
    <ClCompile Include="source\crtw32\convert\strtol.c">
      <Filter>source\crtw32\convert</Filter>
    </ClCompile>
    <ClCompile Include="source\crtw32\convert\strtoq.c">
      <Filter>source\crtw32\convert</Filter>
    </ClCompile>
    <ClCompile Include="source\crtw32\convert\swab.c">
      <Filter>source\crtw32\convert</Filter>
    </ClCompile>
    <ClCompile Include="source\crtw32\convert\tolower.c">
      <Filter>source\crtw32\convert</Filter>
    </ClCompile>
    <ClCompile Include="source\crtw32\convert\toupper.c">
      <Filter>source\crtw32\convert</Filter>
    </ClCompile>
    <ClCompile Include="source\crtw32\convert\towlower.c">
      <Filter>source\crtw32\convert</Filter>
    </ClCompile>
    <ClCompile Include="source\crtw32\convert\towupper.c">
      <Filter>source\crtw32\convert</Filter>
    </ClCompile>
    <ClCompile Include="source\crtw32\convert\wcstod.c">
      <Filter>source\crtw32\convert</Filter>
    </ClCompile>
    <ClCompile Include="source\crtw32\convert\wcstol.c">
      <Filter>source\crtw32\convert</Filter>
    </ClCompile>
    <ClCompile Include="source\crtw32\convert\wcstombs.c">
      <Filter>source\crtw32\convert</Filter>
    </ClCompile>
    <ClCompile Include="source\crtw32\convert\wctomb.c">
      <Filter>source\crtw32\convert</Filter>
    </ClCompile>
    <ClCompile Include="source\crtw32\convert\wtox.c">
      <Filter>source\crtw32\convert</Filter>
    </ClCompile>
    <ClCompile Include="source\crtw32\convert\xtoa.c">
      <Filter>source\crtw32\convert</Filter>
    </ClCompile>
    <ClCompile Include="source\crtw32\convert\xtow.c">
      <Filter>source\crtw32\convert</Filter>
    </ClCompile>
    <ClCompile Include="source\crtw32\direct\drivemap.c">
      <Filter>source\crtw32\direct</Filter>
    </ClCompile>
    <ClCompile Include="source\crtw32\direct\drivfree.c">
      <Filter>source\crtw32\direct</Filter>
    </ClCompile>
    <ClCompile Include="source\crtw32\direct\findfi64.c">
      <Filter>source\crtw32\direct</Filter>
    </ClCompile>
    <ClCompile Include="source\crtw32\direct\findfile.c">
      <Filter>source\crtw32\direct</Filter>
    </ClCompile>
    <ClCompile Include="source\crtw32\direct\seterrm.c">
      <Filter>source\crtw32\direct</Filter>
    </ClCompile>
    <ClCompile Include="source\crtw32\direct\slbeep.c">
      <Filter>source\crtw32\direct</Filter>
    </ClCompile>
    <ClCompile Include="source\crtw32\direct\wfindfil.c">
      <Filter>source\crtw32\direct</Filter>
    </ClCompile>
    <ClCompile Include="source\crtw32\direct\wfndfi64.c">
      <Filter>source\crtw32\direct</Filter>
    </ClCompile>
    <ClCompile Include="source\crtw32\dos\wstati64.c">
      <Filter>source\crtw32\dos</Filter>
    </ClCompile>
    <ClCompile Include="source\crtw32\dos\wunlink.c">
      <Filter>source\crtw32\dos</Filter>
    </ClCompile>
    <ClCompile Include="source\crtw32\dos\access.c">
      <Filter>source\crtw32\dos</Filter>
    </ClCompile>
    <ClCompile Include="source\crtw32\dos\chdir.c">
      <Filter>source\crtw32\dos</Filter>
    </ClCompile>
    <ClCompile Include="source\crtw32\dos\chmod.c">
      <Filter>source\crtw32\dos</Filter>
    </ClCompile>
    <ClCompile Include="source\crtw32\dos\dosmap.c">
      <Filter>source\crtw32\dos</Filter>
    </ClCompile>
    <ClCompile Include="source\crtw32\dos\drive.c">
      <Filter>source\crtw32\dos</Filter>
    </ClCompile>
    <ClCompile Include="source\crtw32\dos\fullpath.c">
      <Filter>source\crtw32\dos</Filter>
    </ClCompile>
    <ClCompile Include="source\crtw32\dos\getcwd.c">
      <Filter>source\crtw32\dos</Filter>
    </ClCompile>
    <ClCompile Include="source\crtw32\dos\getpid.c">
      <Filter>source\crtw32\dos</Filter>
    </ClCompile>
    <ClCompile Include="source\crtw32\dos\mkdir.c">
      <Filter>source\crtw32\dos</Filter>
    </ClCompile>
    <ClCompile Include="source\crtw32\dos\mterrno.c">
      <Filter>source\crtw32\dos</Filter>
    </ClCompile>
    <ClCompile Include="source\crtw32\dos\rename.c">
      <Filter>source\crtw32\dos</Filter>
    </ClCompile>
    <ClCompile Include="source\crtw32\dos\rmdir.c">
      <Filter>source\crtw32\dos</Filter>
    </ClCompile>
    <ClCompile Include="source\crtw32\dos\stat.c">
      <Filter>source\crtw32\dos</Filter>
    </ClCompile>
    <ClCompile Include="source\crtw32\dos\stati64.c">
      <Filter>source\crtw32\dos</Filter>
    </ClCompile>
    <ClCompile Include="source\crtw32\dos\unlink.c">
      <Filter>source\crtw32\dos</Filter>
    </ClCompile>
    <ClCompile Include="source\crtw32\dos\waccess.c">
      <Filter>source\crtw32\dos</Filter>
    </ClCompile>
    <ClCompile Include="source\crtw32\dos\wchdir.c">
      <Filter>source\crtw32\dos</Filter>
    </ClCompile>
    <ClCompile Include="source\crtw32\dos\wchmod.c">
      <Filter>source\crtw32\dos</Filter>
    </ClCompile>
    <ClCompile Include="source\crtw32\dos\wfullpat.c">
      <Filter>source\crtw32\dos</Filter>
    </ClCompile>
    <ClCompile Include="source\crtw32\dos\wgetcwd.c">
      <Filter>source\crtw32\dos</Filter>
    </ClCompile>
    <ClCompile Include="source\crtw32\dos\wmkdir.c">
      <Filter>source\crtw32\dos</Filter>
    </ClCompile>
    <ClCompile Include="source\crtw32\dos\wrename.c">
      <Filter>source\crtw32\dos</Filter>
    </ClCompile>
    <ClCompile Include="source\crtw32\dos\wrmdir.c">
      <Filter>source\crtw32\dos</Filter>
    </ClCompile>
    <ClCompile Include="source\crtw32\dos\wstat.c">
      <Filter>source\crtw32\dos</Filter>
    </ClCompile>
    <ClCompile Include="source\crtw32\exec\wsystem.c">
      <Filter>source\crtw32\exec</Filter>
    </ClCompile>
    <ClCompile Include="source\crtw32\exec\cenvarg.c">
      <Filter>source\crtw32\exec</Filter>
    </ClCompile>
    <ClCompile Include="source\crtw32\exec\cfinfo.c">
      <Filter>source\crtw32\exec</Filter>
    </ClCompile>
    <ClCompile Include="source\crtw32\exec\dospawn.c">
      <Filter>source\crtw32\exec</Filter>
    </ClCompile>
    <ClCompile Include="source\crtw32\exec\execl.c">
      <Filter>source\crtw32\exec</Filter>
    </ClCompile>
    <ClCompile Include="source\crtw32\exec\execle.c">
      <Filter>source\crtw32\exec</Filter>
    </ClCompile>
    <ClCompile Include="source\crtw32\exec\execlp.c">
      <Filter>source\crtw32\exec</Filter>
    </ClCompile>
    <ClCompile Include="source\crtw32\exec\execlpe.c">
      <Filter>source\crtw32\exec</Filter>
    </ClCompile>
    <ClCompile Include="source\crtw32\exec\execv.c">
      <Filter>source\crtw32\exec</Filter>
    </ClCompile>
    <ClCompile Include="source\crtw32\exec\execve.c">
      <Filter>source\crtw32\exec</Filter>
    </ClCompile>
    <ClCompile Include="source\crtw32\exec\execvp.c">
      <Filter>source\crtw32\exec</Filter>
    </ClCompile>
    <ClCompile Include="source\crtw32\exec\execvpe.c">
      <Filter>source\crtw32\exec</Filter>
    </ClCompile>
    <ClCompile Include="source\crtw32\exec\fileinfo.c">
      <Filter>source\crtw32\exec</Filter>
    </ClCompile>
    <ClCompile Include="source\crtw32\exec\getproc.c">
      <Filter>source\crtw32\exec</Filter>
    </ClCompile>
    <ClCompile Include="source\crtw32\exec\loaddll.c">
      <Filter>source\crtw32\exec</Filter>
    </ClCompile>
    <ClCompile Include="source\crtw32\exec\spawnl.c">
      <Filter>source\crtw32\exec</Filter>
    </ClCompile>
    <ClCompile Include="source\crtw32\exec\spawnle.c">
      <Filter>source\crtw32\exec</Filter>
    </ClCompile>
    <ClCompile Include="source\crtw32\exec\spawnlp.c">
      <Filter>source\crtw32\exec</Filter>
    </ClCompile>
    <ClCompile Include="source\crtw32\exec\spawnlpe.c">
      <Filter>source\crtw32\exec</Filter>
    </ClCompile>
    <ClCompile Include="source\crtw32\exec\spawnv.c">
      <Filter>source\crtw32\exec</Filter>
    </ClCompile>
    <ClCompile Include="source\crtw32\exec\spawnve.c">
      <Filter>source\crtw32\exec</Filter>
    </ClCompile>
    <ClCompile Include="source\crtw32\exec\spawnvp.c">
      <Filter>source\crtw32\exec</Filter>
    </ClCompile>
    <ClCompile Include="source\crtw32\exec\spawnvpe.c">
      <Filter>source\crtw32\exec</Filter>
    </ClCompile>
    <ClCompile Include="source\crtw32\exec\system.c">
      <Filter>source\crtw32\exec</Filter>
    </ClCompile>
    <ClCompile Include="source\crtw32\exec\wait.c">
      <Filter>source\crtw32\exec</Filter>
    </ClCompile>
    <ClCompile Include="source\crtw32\exec\wcenvarg.c">
      <Filter>source\crtw32\exec</Filter>
    </ClCompile>
    <ClCompile Include="source\crtw32\exec\wdospawn.c">
      <Filter>source\crtw32\exec</Filter>
    </ClCompile>
    <ClCompile Include="source\crtw32\exec\wexecl.c">
      <Filter>source\crtw32\exec</Filter>
    </ClCompile>
    <ClCompile Include="source\crtw32\exec\wexecle.c">
      <Filter>source\crtw32\exec</Filter>
    </ClCompile>
    <ClCompile Include="source\crtw32\exec\wexeclp.c">
      <Filter>source\crtw32\exec</Filter>
    </ClCompile>
    <ClCompile Include="source\crtw32\exec\wexeclpe.c">
      <Filter>source\crtw32\exec</Filter>
    </ClCompile>
    <ClCompile Include="source\crtw32\exec\wexecv.c">
      <Filter>source\crtw32\exec</Filter>
    </ClCompile>
    <ClCompile Include="source\crtw32\exec\wexecve.c">
      <Filter>source\crtw32\exec</Filter>
    </ClCompile>
    <ClCompile Include="source\crtw32\exec\wexecvp.c">
      <Filter>source\crtw32\exec</Filter>
    </ClCompile>
    <ClCompile Include="source\crtw32\exec\wexecvpe.c">
      <Filter>source\crtw32\exec</Filter>
    </ClCompile>
    <ClCompile Include="source\crtw32\exec\wspawnl.c">
      <Filter>source\crtw32\exec</Filter>
    </ClCompile>
    <ClCompile Include="source\crtw32\exec\wspawnle.c">
      <Filter>source\crtw32\exec</Filter>
    </ClCompile>
    <ClCompile Include="source\crtw32\exec\wspawnlp.c">
      <Filter>source\crtw32\exec</Filter>
    </ClCompile>
    <ClCompile Include="source\crtw32\exec\wspawnv.c">
      <Filter>source\crtw32\exec</Filter>
    </ClCompile>
    <ClCompile Include="source\crtw32\exec\wspawnve.c">
      <Filter>source\crtw32\exec</Filter>
    </ClCompile>
    <ClCompile Include="source\crtw32\exec\wspawnvp.c">
      <Filter>source\crtw32\exec</Filter>
    </ClCompile>
    <ClCompile Include="source\crtw32\exec\wspwnlpe.c">
      <Filter>source\crtw32\exec</Filter>
    </ClCompile>
    <ClCompile Include="source\crtw32\exec\wspwnvpe.c">
      <Filter>source\crtw32\exec</Filter>
    </ClCompile>
    <ClCompile Include="source\crtw32\heap\setnewh.cpp">
      <Filter>source\crtw32\heap</Filter>
    </ClCompile>
    <ClCompile Include="source\crtw32\heap\_newmode.c">
      <Filter>source\crtw32\heap</Filter>
    </ClCompile>
    <ClCompile Include="source\crtw32\heap\badalloc.cpp">
      <Filter>source\crtw32\heap</Filter>
    </ClCompile>
    <ClCompile Include="source\crtw32\heap\calloc.c">
      <Filter>source\crtw32\heap</Filter>
    </ClCompile>
    <ClCompile Include="source\crtw32\heap\delete.cpp">
      <Filter>source\crtw32\heap</Filter>
    </ClCompile>
    <ClCompile Include="source\crtw32\heap\expand.c">
      <Filter>source\crtw32\heap</Filter>
    </ClCompile>
    <ClCompile Include="source\crtw32\heap\findaddr.c">
      <Filter>source\crtw32\heap</Filter>
    </ClCompile>
    <ClCompile Include="source\crtw32\heap\free.c">
      <Filter>source\crtw32\heap</Filter>
    </ClCompile>
    <ClCompile Include="source\crtw32\heap\handler.cpp">
      <Filter>source\crtw32\heap</Filter>
    </ClCompile>
    <ClCompile Include="source\crtw32\heap\heapadd.c">
      <Filter>source\crtw32\heap</Filter>
    </ClCompile>
    <ClCompile Include="source\crtw32\heap\heapchk.c">
      <Filter>source\crtw32\heap</Filter>
    </ClCompile>
    <ClCompile Include="source\crtw32\heap\heapdump.c">
      <Filter>source\crtw32\heap</Filter>
    </ClCompile>
    <ClCompile Include="source\crtw32\heap\heapgrow.c">
      <Filter>source\crtw32\heap</Filter>
    </ClCompile>
    <ClCompile Include="source\crtw32\heap\heaphook.c">
      <Filter>source\crtw32\heap</Filter>
    </ClCompile>
    <ClCompile Include="source\crtw32\heap\heapinit.c">
      <Filter>source\crtw32\heap</Filter>
    </ClCompile>
    <ClCompile Include="source\crtw32\heap\heapmin.c">
      <Filter>source\crtw32\heap</Filter>
    </ClCompile>
    <ClCompile Include="source\crtw32\heap\heapprm.c">
      <Filter>source\crtw32\heap</Filter>
    </ClCompile>
    <ClCompile Include="source\crtw32\heap\heapsrch.c">
      <Filter>source\crtw32\heap</Filter>
    </ClCompile>
    <ClCompile Include="source\crtw32\heap\heapused.c">
      <Filter>source\crtw32\heap</Filter>
    </ClCompile>
    <ClCompile Include="source\crtw32\heap\heapwalk.c">
      <Filter>source\crtw32\heap</Filter>
    </ClCompile>
    <ClCompile Include="source\crtw32\heap\hpabort.c">
      <Filter>source\crtw32\heap</Filter>
    </ClCompile>
    <ClCompile Include="source\crtw32\heap\malloc.c">
      <Filter>source\crtw32\heap</Filter>
    </ClCompile>
    <ClCompile Include="source\crtw32\heap\msize.c">
      <Filter>source\crtw32\heap</Filter>
    </ClCompile>
    <ClCompile Include="source\crtw32\heap\new.cpp">
      <Filter>source\crtw32\heap</Filter>
    </ClCompile>
    <ClCompile Include="source\crtw32\heap\new_mode.cpp">
      <Filter>source\crtw32\heap</Filter>
    </ClCompile>
    <ClCompile Include="source\crtw32\heap\oldnew.c">
      <Filter>source\crtw32\heap</Filter>
    </ClCompile>
    <ClCompile Include="source\crtw32\heap\realloc.c">
      <Filter>source\crtw32\heap</Filter>
    </ClCompile>
    <ClCompile Include="source\crtw32\lowio\write.c">
      <Filter>source\crtw32\lowio</Filter>
    </ClCompile>
    <ClCompile Include="source\crtw32\lowio\cgets.c">
      <Filter>source\crtw32\lowio</Filter>
    </ClCompile>
    <ClCompile Include="source\crtw32\lowio\chsize.c">
      <Filter>source\crtw32\lowio</Filter>
    </ClCompile>
    <ClCompile Include="source\crtw32\lowio\close.c">
      <Filter>source\crtw32\lowio</Filter>
    </ClCompile>
    <ClCompile Include="source\crtw32\lowio\commit.c">
      <Filter>source\crtw32\lowio</Filter>
    </ClCompile>
    <ClCompile Include="source\crtw32\lowio\cputs.c">
      <Filter>source\crtw32\lowio</Filter>
    </ClCompile>
    <ClCompile Include="source\crtw32\lowio\creat.c">
      <Filter>source\crtw32\lowio</Filter>
    </ClCompile>
    <ClCompile Include="source\crtw32\lowio\dup2.c">
      <Filter>source\crtw32\lowio</Filter>
    </ClCompile>
    <ClCompile Include="source\crtw32\lowio\dup.c">
      <Filter>source\crtw32\lowio</Filter>
    </ClCompile>
    <ClCompile Include="source\crtw32\lowio\eof.c">
      <Filter>source\crtw32\lowio</Filter>
    </ClCompile>
    <ClCompile Include="source\crtw32\lowio\flength.c">
      <Filter>source\crtw32\lowio</Filter>
    </ClCompile>
    <ClCompile Include="source\crtw32\lowio\fleni64.c">
      <Filter>source\crtw32\lowio</Filter>
    </ClCompile>
    <ClCompile Include="source\crtw32\lowio\fstat.c">
      <Filter>source\crtw32\lowio</Filter>
    </ClCompile>
    <ClCompile Include="source\crtw32\lowio\fstati64.c">
      <Filter>source\crtw32\lowio</Filter>
    </ClCompile>
    <ClCompile Include="source\crtw32\lowio\getch.c">
      <Filter>source\crtw32\lowio</Filter>
    </ClCompile>
    <ClCompile Include="source\crtw32\lowio\initcon.c">
      <Filter>source\crtw32\lowio</Filter>
    </ClCompile>
    <ClCompile Include="source\crtw32\lowio\ioinit.c">
      <Filter>source\crtw32\lowio</Filter>
    </ClCompile>
    <ClCompile Include="source\crtw32\lowio\isatty.c">
      <Filter>source\crtw32\lowio</Filter>
    </ClCompile>
    <ClCompile Include="source\crtw32\lowio\locking.c">
      <Filter>source\crtw32\lowio</Filter>
    </ClCompile>
    <ClCompile Include="source\crtw32\lowio\lseek.c">
      <Filter>source\crtw32\lowio</Filter>
    </ClCompile>
    <ClCompile Include="source\crtw32\lowio\lseeki64.c">
      <Filter>source\crtw32\lowio</Filter>
    </ClCompile>
    <ClCompile Include="source\crtw32\lowio\mktemp.c">
      <Filter>source\crtw32\lowio</Filter>
    </ClCompile>
    <ClCompile Include="source\crtw32\lowio\open.c">
      <Filter>source\crtw32\lowio</Filter>
    </ClCompile>
    <ClCompile Include="source\crtw32\lowio\osfinfo.c">
      <Filter>source\crtw32\lowio</Filter>
    </ClCompile>
    <ClCompile Include="source\crtw32\lowio\pipe.c">
      <Filter>source\crtw32\lowio</Filter>
    </ClCompile>
    <ClCompile Include="source\crtw32\lowio\putch.c">
      <Filter>source\crtw32\lowio</Filter>
    </ClCompile>
    <ClCompile Include="source\crtw32\lowio\read.c">
      <Filter>source\crtw32\lowio</Filter>
    </ClCompile>
    <ClCompile Include="source\crtw32\lowio\setmode.c">
      <Filter>source\crtw32\lowio</Filter>
    </ClCompile>
    <ClCompile Include="source\crtw32\lowio\tell.c">
      <Filter>source\crtw32\lowio</Filter>
    </ClCompile>
    <ClCompile Include="source\crtw32\lowio\telli64.c">
      <Filter>source\crtw32\lowio</Filter>
    </ClCompile>
    <ClCompile Include="source\crtw32\lowio\txtmode.c">
      <Filter>source\crtw32\lowio</Filter>
    </ClCompile>
    <ClCompile Include="source\crtw32\lowio\wcreat.c">
      <Filter>source\crtw32\lowio</Filter>
    </ClCompile>
    <ClCompile Include="source\crtw32\lowio\wmktemp.c">
      <Filter>source\crtw32\lowio</Filter>
    </ClCompile>
    <ClCompile Include="source\crtw32\lowio\wopen.c">
      <Filter>source\crtw32\lowio</Filter>
    </ClCompile>
    <ClCompile Include="source\crtw32\mbstring\tombbmbc.c">
      <Filter>source\crtw32\mbstring</Filter>
    </ClCompile>
    <ClCompile Include="source\crtw32\mbstring\ismbalnm.c">
      <Filter>source\crtw32\mbstring</Filter>
    </ClCompile>
    <ClCompile Include="source\crtw32\mbstring\ismbalph.c">
      <Filter>source\crtw32\mbstring</Filter>
    </ClCompile>
    <ClCompile Include="source\crtw32\mbstring\ismbbyte.c">
      <Filter>source\crtw32\mbstring</Filter>
    </ClCompile>
    <ClCompile Include="source\crtw32\mbstring\ismbdgt.c">
      <Filter>source\crtw32\mbstring</Filter>
    </ClCompile>
    <ClCompile Include="source\crtw32\mbstring\ismbgrph.c">
      <Filter>source\crtw32\mbstring</Filter>
    </ClCompile>
    <ClCompile Include="source\crtw32\mbstring\ismbknj.c">
      <Filter>source\crtw32\mbstring</Filter>
    </ClCompile>
    <ClCompile Include="source\crtw32\mbstring\ismblgl.c">
      <Filter>source\crtw32\mbstring</Filter>
    </ClCompile>
    <ClCompile Include="source\crtw32\mbstring\ismblwr.c">
      <Filter>source\crtw32\mbstring</Filter>
    </ClCompile>
    <ClCompile Include="source\crtw32\mbstring\ismbprn.c">
      <Filter>source\crtw32\mbstring</Filter>
    </ClCompile>
    <ClCompile Include="source\crtw32\mbstring\ismbpunc.c">
      <Filter>source\crtw32\mbstring</Filter>
    </ClCompile>
    <ClCompile Include="source\crtw32\mbstring\ismbsle.c">
      <Filter>source\crtw32\mbstring</Filter>
    </ClCompile>
    <ClCompile Include="source\crtw32\mbstring\ismbspc.c">
      <Filter>source\crtw32\mbstring</Filter>
    </ClCompile>
    <ClCompile Include="source\crtw32\mbstring\ismbstr.c">
      <Filter>source\crtw32\mbstring</Filter>
    </ClCompile>
    <ClCompile Include="source\crtw32\mbstring\ismbupr.c">
      <Filter>source\crtw32\mbstring</Filter>
    </ClCompile>
    <ClCompile Include="source\crtw32\mbstring\mbbtype.c">
      <Filter>source\crtw32\mbstring</Filter>
    </ClCompile>
    <ClCompile Include="source\crtw32\mbstring\mbccpy.c">
      <Filter>source\crtw32\mbstring</Filter>
    </ClCompile>
    <ClCompile Include="source\crtw32\mbstring\mbclen.c">
      <Filter>source\crtw32\mbstring</Filter>
    </ClCompile>
    <ClCompile Include="source\crtw32\mbstring\mbclevel.c">
      <Filter>source\crtw32\mbstring</Filter>
    </ClCompile>
    <ClCompile Include="source\crtw32\mbstring\mbctype.c">
      <Filter>source\crtw32\mbstring</Filter>
    </ClCompile>
    <ClCompile Include="source\crtw32\mbstring\mbsbtype.c">
      <Filter>source\crtw32\mbstring</Filter>
    </ClCompile>
    <ClCompile Include="source\crtw32\mbstring\mbscat.c">
      <Filter>source\crtw32\mbstring</Filter>
    </ClCompile>
    <ClCompile Include="source\crtw32\mbstring\mbschr.c">
      <Filter>source\crtw32\mbstring</Filter>
    </ClCompile>
    <ClCompile Include="source\crtw32\mbstring\mbscmp.c">
      <Filter>source\crtw32\mbstring</Filter>
    </ClCompile>
    <ClCompile Include="source\crtw32\mbstring\mbscoll.c">
      <Filter>source\crtw32\mbstring</Filter>
    </ClCompile>
    <ClCompile Include="source\crtw32\mbstring\mbscspn.c">
      <Filter>source\crtw32\mbstring</Filter>
    </ClCompile>
    <ClCompile Include="source\crtw32\mbstring\mbsdec.c">
      <Filter>source\crtw32\mbstring</Filter>
    </ClCompile>
    <ClCompile Include="source\crtw32\mbstring\mbsdup.c">
      <Filter>source\crtw32\mbstring</Filter>
    </ClCompile>
    <ClCompile Include="source\crtw32\mbstring\mbsicmp.c">
      <Filter>source\crtw32\mbstring</Filter>
    </ClCompile>
    <ClCompile Include="source\crtw32\mbstring\mbsicoll.c">
      <Filter>source\crtw32\mbstring</Filter>
    </ClCompile>
    <ClCompile Include="source\crtw32\mbstring\mbsinc.c">
      <Filter>source\crtw32\mbstring</Filter>
    </ClCompile>
    <ClCompile Include="source\crtw32\mbstring\mbslen.c">
      <Filter>source\crtw32\mbstring</Filter>
    </ClCompile>
    <ClCompile Include="source\crtw32\mbstring\mbslwr.c">
      <Filter>source\crtw32\mbstring</Filter>
    </ClCompile>
    <ClCompile Include="source\crtw32\mbstring\mbsnbcat.c">
      <Filter>source\crtw32\mbstring</Filter>
    </ClCompile>
    <ClCompile Include="source\crtw32\mbstring\mbsnbcmp.c">
      <Filter>source\crtw32\mbstring</Filter>
    </ClCompile>
    <ClCompile Include="source\crtw32\mbstring\mbsnbcnt.c">
      <Filter>source\crtw32\mbstring</Filter>
    </ClCompile>
    <ClCompile Include="source\crtw32\mbstring\mbsnbcol.c">
      <Filter>source\crtw32\mbstring</Filter>
    </ClCompile>
    <ClCompile Include="source\crtw32\mbstring\mbsnbcpy.c">
      <Filter>source\crtw32\mbstring</Filter>
    </ClCompile>
    <ClCompile Include="source\crtw32\mbstring\mbsnbicm.c">
      <Filter>source\crtw32\mbstring</Filter>
    </ClCompile>
    <ClCompile Include="source\crtw32\mbstring\mbsnbico.c">
      <Filter>source\crtw32\mbstring</Filter>
    </ClCompile>
    <ClCompile Include="source\crtw32\mbstring\mbsnbset.c">
      <Filter>source\crtw32\mbstring</Filter>
    </ClCompile>
    <ClCompile Include="source\crtw32\mbstring\mbsncat.c">
      <Filter>source\crtw32\mbstring</Filter>
    </ClCompile>
    <ClCompile Include="source\crtw32\mbstring\mbsnccnt.c">
      <Filter>source\crtw32\mbstring</Filter>
    </ClCompile>
    <ClCompile Include="source\crtw32\mbstring\mbsncmp.c">
      <Filter>source\crtw32\mbstring</Filter>
    </ClCompile>
    <ClCompile Include="source\crtw32\mbstring\mbsncoll.c">
      <Filter>source\crtw32\mbstring</Filter>
    </ClCompile>
    <ClCompile Include="source\crtw32\mbstring\mbsncpy.c">
      <Filter>source\crtw32\mbstring</Filter>
    </ClCompile>
    <ClCompile Include="source\crtw32\mbstring\mbsnextc.c">
      <Filter>source\crtw32\mbstring</Filter>
    </ClCompile>
    <ClCompile Include="source\crtw32\mbstring\mbsnicmp.c">
      <Filter>source\crtw32\mbstring</Filter>
    </ClCompile>
    <ClCompile Include="source\crtw32\mbstring\mbsnicol.c">
      <Filter>source\crtw32\mbstring</Filter>
    </ClCompile>
    <ClCompile Include="source\crtw32\mbstring\mbsninc.c">
      <Filter>source\crtw32\mbstring</Filter>
    </ClCompile>
    <ClCompile Include="source\crtw32\mbstring\mbsnset.c">
      <Filter>source\crtw32\mbstring</Filter>
    </ClCompile>
    <ClCompile Include="source\crtw32\mbstring\mbspbrk.c">
      <Filter>source\crtw32\mbstring</Filter>
    </ClCompile>
    <ClCompile Include="source\crtw32\mbstring\mbsrchr.c">
      <Filter>source\crtw32\mbstring</Filter>
    </ClCompile>
    <ClCompile Include="source\crtw32\mbstring\mbsrev.c">
      <Filter>source\crtw32\mbstring</Filter>
    </ClCompile>
    <ClCompile Include="source\crtw32\mbstring\mbsset.c">
      <Filter>source\crtw32\mbstring</Filter>
    </ClCompile>
    <ClCompile Include="source\crtw32\mbstring\mbsspn.c">
      <Filter>source\crtw32\mbstring</Filter>
    </ClCompile>
    <ClCompile Include="source\crtw32\mbstring\mbsspnp.c">
      <Filter>source\crtw32\mbstring</Filter>
    </ClCompile>
    <ClCompile Include="source\crtw32\mbstring\mbsstr.c">
      <Filter>source\crtw32\mbstring</Filter>
    </ClCompile>
    <ClCompile Include="source\crtw32\mbstring\mbstok.c">
      <Filter>source\crtw32\mbstring</Filter>
    </ClCompile>
    <ClCompile Include="source\crtw32\mbstring\mbsupr.c">
      <Filter>source\crtw32\mbstring</Filter>
    </ClCompile>
    <ClCompile Include="source\crtw32\mbstring\mbtohira.c">
      <Filter>source\crtw32\mbstring</Filter>
    </ClCompile>
    <ClCompile Include="source\crtw32\mbstring\mbtokata.c">
      <Filter>source\crtw32\mbstring</Filter>
    </ClCompile>
    <ClCompile Include="source\crtw32\mbstring\mbtolwr.c">
      <Filter>source\crtw32\mbstring</Filter>
    </ClCompile>
    <ClCompile Include="source\crtw32\mbstring\mbtoupr.c">
      <Filter>source\crtw32\mbstring</Filter>
    </ClCompile>
    <ClCompile Include="source\crtw32\mbstring\tojisjms.c">
      <Filter>source\crtw32\mbstring</Filter>
    </ClCompile>
    <ClCompile Include="source\crtw32\misc\wtombenv.c">
      <Filter>source\crtw32\misc</Filter>
    </ClCompile>
    <ClCompile Include="source\crtw32\misc\_strerr.c">
      <Filter>source\crtw32\misc</Filter>
    </ClCompile>
    <ClCompile Include="source\crtw32\misc\abort.c">
      <Filter>source\crtw32\misc</Filter>
    </ClCompile>
    <ClCompile Include="source\crtw32\misc\abs.c">
      <Filter>source\crtw32\misc</Filter>
    </ClCompile>
    <ClCompile Include="source\crtw32\misc\assert.c">
      <Filter>source\crtw32\misc</Filter>
    </ClCompile>
    <ClCompile Include="source\crtw32\misc\aw_cmp.c">
      <Filter>source\crtw32\misc</Filter>
    </ClCompile>
    <ClCompile Include="source\crtw32\misc\aw_com.c">
      <Filter>source\crtw32\misc</Filter>
    </ClCompile>
    <ClCompile Include="source\crtw32\misc\aw_env.c">
      <Filter>source\crtw32\misc</Filter>
    </ClCompile>
    <ClCompile Include="source\crtw32\misc\aw_loc.c">
      <Filter>source\crtw32\misc</Filter>
    </ClCompile>
    <ClCompile Include="source\crtw32\misc\aw_map.c">
      <Filter>source\crtw32\misc</Filter>
    </ClCompile>
    <ClCompile Include="source\crtw32\misc\aw_str.c">
      <Filter>source\crtw32\misc</Filter>
    </ClCompile>
    <ClCompile Include="source\crtw32\misc\bsearch.c">
      <Filter>source\crtw32\misc</Filter>
    </ClCompile>
    <ClCompile Include="source\crtw32\misc\charmax.c">
      <Filter>source\crtw32\misc</Filter>
    </ClCompile>
    <ClCompile Include="source\crtw32\misc\cmiscdat.c">
      <Filter>source\crtw32\misc</Filter>
    </ClCompile>
    <ClCompile Include="source\crtw32\misc\crtmbox.c">
      <Filter>source\crtw32\misc</Filter>
    </ClCompile>
    <ClCompile Include="source\crtw32\misc\ctype.c">
      <Filter>source\crtw32\misc</Filter>
    </ClCompile>
    <ClCompile Include="source\crtw32\misc\dbgdel.cpp">
      <Filter>source\crtw32\misc</Filter>
    </ClCompile>
    <ClCompile Include="source\crtw32\misc\dbgheap.c">
      <Filter>source\crtw32\misc</Filter>
    </ClCompile>
    <ClCompile Include="source\crtw32\misc\dbghook.c">
      <Filter>source\crtw32\misc</Filter>
    </ClCompile>
    <ClCompile Include="source\crtw32\misc\dbgnew.cpp">
      <Filter>source\crtw32\misc</Filter>
    </ClCompile>
    <ClCompile Include="source\crtw32\misc\dbgrpt.c">
      <Filter>source\crtw32\misc</Filter>
    </ClCompile>
    <ClCompile Include="source\crtw32\misc\div.c">
      <Filter>source\crtw32\misc</Filter>
    </ClCompile>
    <ClCompile Include="source\crtw32\misc\errmode.c">
      <Filter>source\crtw32\misc</Filter>
    </ClCompile>
    <ClCompile Include="source\crtw32\misc\getenv.c">
      <Filter>source\crtw32\misc</Filter>
    </ClCompile>
    <ClCompile Include="source\crtw32\misc\getpath.c">
      <Filter>source\crtw32\misc</Filter>
    </ClCompile>
    <ClCompile Include="source\crtw32\misc\getqloc.c">
      <Filter>source\crtw32\misc</Filter>
    </ClCompile>
    <ClCompile Include="source\crtw32\misc\initcoll.c">
      <Filter>source\crtw32\misc</Filter>
    </ClCompile>
    <ClCompile Include="source\crtw32\misc\initctyp.c">
      <Filter>source\crtw32\misc</Filter>
    </ClCompile>
    <ClCompile Include="source\crtw32\misc\inithelp.c">
      <Filter>source\crtw32\misc</Filter>
    </ClCompile>
    <ClCompile Include="source\crtw32\misc\initmon.c">
      <Filter>source\crtw32\misc</Filter>
    </ClCompile>
    <ClCompile Include="source\crtw32\misc\initnum.c">
      <Filter>source\crtw32\misc</Filter>
    </ClCompile>
    <ClCompile Include="source\crtw32\misc\inittime.c">
      <Filter>source\crtw32\misc</Filter>
    </ClCompile>
    <ClCompile Include="source\crtw32\misc\labs.c">
      <Filter>source\crtw32\misc</Filter>
    </ClCompile>
    <ClCompile Include="source\crtw32\misc\lcnvinit.c">
      <Filter>source\crtw32\misc</Filter>
    </ClCompile>
    <ClCompile Include="source\crtw32\misc\lconv.c">
      <Filter>source\crtw32\misc</Filter>
    </ClCompile>
    <ClCompile Include="source\crtw32\misc\ldiv.c">
      <Filter>source\crtw32\misc</Filter>
    </ClCompile>
    <ClCompile Include="source\crtw32\misc\lfind.c">
      <Filter>source\crtw32\misc</Filter>
    </ClCompile>
    <ClCompile Include="source\crtw32\misc\lsearch.c">
      <Filter>source\crtw32\misc</Filter>
    </ClCompile>
    <ClCompile Include="source\crtw32\misc\makepath.c">
      <Filter>source\crtw32\misc</Filter>
    </ClCompile>
    <ClCompile Include="source\crtw32\misc\mbtowenv.c">
      <Filter>source\crtw32\misc</Filter>
    </ClCompile>
    <ClCompile Include="source\crtw32\misc\nlsdata1.c">
      <Filter>source\crtw32\misc</Filter>
    </ClCompile>
    <ClCompile Include="source\crtw32\misc\nlsdata2.c">
      <Filter>source\crtw32\misc</Filter>
    </ClCompile>
    <ClCompile Include="source\crtw32\misc\nlsdata3.c">
      <Filter>source\crtw32\misc</Filter>
    </ClCompile>
    <ClCompile Include="source\crtw32\misc\onexit.c">
      <Filter>source\crtw32\misc</Filter>
    </ClCompile>
    <ClCompile Include="source\crtw32\misc\perror.c">
      <Filter>source\crtw32\misc</Filter>
    </ClCompile>
    <ClCompile Include="source\crtw32\misc\purevirt.c">
      <Filter>source\crtw32\misc</Filter>
    </ClCompile>
    <ClCompile Include="source\crtw32\misc\putenv.c">
      <Filter>source\crtw32\misc</Filter>
    </ClCompile>
    <ClCompile Include="source\crtw32\misc\qsort.c">
      <Filter>source\crtw32\misc</Filter>
    </ClCompile>
    <ClCompile Include="source\crtw32\misc\rand.c">
      <Filter>source\crtw32\misc</Filter>
    </ClCompile>
    <ClCompile Include="source\crtw32\misc\rotl.c">
      <Filter>source\crtw32\misc</Filter>
    </ClCompile>
    <ClCompile Include="source\crtw32\misc\rotr.c">
      <Filter>source\crtw32\misc</Filter>
    </ClCompile>
    <ClCompile Include="source\crtw32\misc\searchen.c">
      <Filter>source\crtw32\misc</Filter>
    </ClCompile>
    <ClCompile Include="source\crtw32\misc\sehsupp.c">
      <Filter>source\crtw32\misc</Filter>
    </ClCompile>
    <ClCompile Include="source\crtw32\misc\setenv.c">
      <Filter>source\crtw32\misc</Filter>
    </ClCompile>
    <ClCompile Include="source\crtw32\misc\setlocal.c">
      <Filter>source\crtw32\misc</Filter>
    </ClCompile>
    <ClCompile Include="source\crtw32\misc\splitpat.c">
      <Filter>source\crtw32\misc</Filter>
    </ClCompile>
    <ClCompile Include="source\crtw32\misc\strerror.c">
      <Filter>source\crtw32\misc</Filter>
    </ClCompile>
    <ClCompile Include="source\crtw32\misc\syserr.c">
      <Filter>source\crtw32\misc</Filter>
    </ClCompile>
    <ClCompile Include="source\crtw32\misc\umask.c">
      <Filter>source\crtw32\misc</Filter>
    </ClCompile>
    <ClCompile Include="source\crtw32\misc\wgetenv.c">
      <Filter>source\crtw32\misc</Filter>
    </ClCompile>
    <ClCompile Include="source\crtw32\misc\wgetpath.c">
      <Filter>source\crtw32\misc</Filter>
    </ClCompile>
    <ClCompile Include="source\crtw32\misc\winsig.c">
      <Filter>source\crtw32\misc</Filter>
    </ClCompile>
    <ClCompile Include="source\crtw32\misc\winxfltr.c">
      <Filter>source\crtw32\misc</Filter>
    </ClCompile>
    <ClCompile Include="source\crtw32\misc\wmakepat.c">
      <Filter>source\crtw32\misc</Filter>
    </ClCompile>
    <ClCompile Include="source\crtw32\misc\wperror.c">
      <Filter>source\crtw32\misc</Filter>
    </ClCompile>
    <ClCompile Include="source\crtw32\misc\wputenv.c">
      <Filter>source\crtw32\misc</Filter>
    </ClCompile>
    <ClCompile Include="source\crtw32\misc\wrt2err.c">
      <Filter>source\crtw32\misc</Filter>
    </ClCompile>
    <ClCompile Include="source\crtw32\misc\wsearche.c">
      <Filter>source\crtw32\misc</Filter>
    </ClCompile>
    <ClCompile Include="source\crtw32\misc\wsetenv.c">
      <Filter>source\crtw32\misc</Filter>
    </ClCompile>
    <ClCompile Include="source\crtw32\misc\wsetloca.c">
      <Filter>source\crtw32\misc</Filter>
    </ClCompile>
    <ClCompile Include="source\crtw32\misc\wsplitpa.c">
      <Filter>source\crtw32\misc</Filter>
    </ClCompile>
    <ClCompile Include="source\crtw32\small\crt0dat.c">
      <Filter>source\crtw32\small</Filter>
    </ClCompile>
    <ClCompile Include="source\crtw32\small\ctype.c">
      <Filter>source\crtw32\small</Filter>
    </ClCompile>
    <ClCompile Include="source\crtw32\small\nlsdata1.c">
      <Filter>source\crtw32\small</Filter>
    </ClCompile>
    <ClCompile Include="source\crtw32\small\nlsdata2.c">
      <Filter>source\crtw32\small</Filter>
    </ClCompile>
    <ClCompile Include="source\crtw32\small\nlsdata3.c">
      <Filter>source\crtw32\small</Filter>
    </ClCompile>
    <ClCompile Include="source\crtw32\small\syserr.c">
      <Filter>source\crtw32\small</Filter>
    </ClCompile>
    <ClCompile Include="source\crtw32\small\timeset.c">
      <Filter>source\crtw32\small</Filter>
    </ClCompile>
    <ClCompile Include="source\crtw32\small\tlssup.c">
      <Filter>source\crtw32\small</Filter>
    </ClCompile>
    <ClCompile Include="source\crtw32\startup\_setargv.c">
      <Filter>source\crtw32\startup</Filter>
    </ClCompile>
    <ClCompile Include="source\crtw32\startup\_wstargv.c">
      <Filter>source\crtw32\startup</Filter>
    </ClCompile>
    <ClCompile Include="source\crtw32\startup\crt0.c">
      <Filter>source\crtw32\startup</Filter>
    </ClCompile>
    <ClCompile Include="source\crtw32\startup\crt0dat.c">
      <Filter>source\crtw32\startup</Filter>
    </ClCompile>
    <ClCompile Include="source\crtw32\startup\crt0fp.c">
      <Filter>source\crtw32\startup</Filter>
    </ClCompile>
    <ClCompile Include="source\crtw32\startup\crt0init.c">
      <Filter>source\crtw32\startup</Filter>
    </ClCompile>
    <ClCompile Include="source\crtw32\startup\crt0msg.c">
      <Filter>source\crtw32\startup</Filter>
    </ClCompile>
    <ClCompile Include="source\crtw32\startup\fp8.c">
      <Filter>source\crtw32\startup</Filter>
    </ClCompile>
    <ClCompile Include="source\crtw32\startup\mlock.c">
      <Filter>source\crtw32\startup</Filter>
    </ClCompile>
    <ClCompile Include="source\crtw32\startup\stdargv.c">
      <Filter>source\crtw32\startup</Filter>
    </ClCompile>
    <ClCompile Include="source\crtw32\startup\stdenvp.c">
      <Filter>source\crtw32\startup</Filter>
    </ClCompile>
    <ClCompile Include="source\crtw32\startup\thread.c">
      <Filter>source\crtw32\startup</Filter>
    </ClCompile>
    <ClCompile Include="source\crtw32\startup\threadex.c">
      <Filter>source\crtw32\startup</Filter>
    </ClCompile>
    <ClCompile Include="source\crtw32\startup\tidtable.c">
      <Filter>source\crtw32\startup</Filter>
    </ClCompile>
    <ClCompile Include="source\crtw32\startup\tlssup.c">
      <Filter>source\crtw32\startup</Filter>
    </ClCompile>
    <ClCompile Include="source\crtw32\startup\wild.c">
      <Filter>source\crtw32\startup</Filter>
    </ClCompile>
    <ClCompile Include="source\crtw32\startup\wstdargv.c">
      <Filter>source\crtw32\startup</Filter>
    </ClCompile>
    <ClCompile Include="source\crtw32\startup\wstdenvp.c">
      <Filter>source\crtw32\startup</Filter>
    </ClCompile>
    <ClCompile Include="source\crtw32\startup\wwild.c">
      <Filter>source\crtw32\startup</Filter>
    </ClCompile>
    <ClCompile Include="source\crtw32\stdio\wtmpfile.c">
      <Filter>source\crtw32\stdio</Filter>
    </ClCompile>
    <ClCompile Include="source\crtw32\stdio\_filbuf.c">
      <Filter>source\crtw32\stdio</Filter>
    </ClCompile>
    <ClCompile Include="source\crtw32\stdio\_file.c">
      <Filter>source\crtw32\stdio</Filter>
    </ClCompile>
    <ClCompile Include="source\crtw32\stdio\_filwbuf.c">
      <Filter>source\crtw32\stdio</Filter>
    </ClCompile>
    <ClCompile Include="source\crtw32\stdio\_flsbuf.c">
      <Filter>source\crtw32\stdio</Filter>
    </ClCompile>
    <ClCompile Include="source\crtw32\stdio\_flswbuf.c">
      <Filter>source\crtw32\stdio</Filter>
    </ClCompile>
    <ClCompile Include="source\crtw32\stdio\_freebuf.c">
      <Filter>source\crtw32\stdio</Filter>
    </ClCompile>
    <ClCompile Include="source\crtw32\stdio\_getbuf.c">
      <Filter>source\crtw32\stdio</Filter>
    </ClCompile>
    <ClCompile Include="source\crtw32\stdio\_open.c">
      <Filter>source\crtw32\stdio</Filter>
    </ClCompile>
    <ClCompile Include="source\crtw32\stdio\_sftbuf.c">
      <Filter>source\crtw32\stdio</Filter>
    </ClCompile>
    <ClCompile Include="source\crtw32\stdio\_wopen.c">
      <Filter>source\crtw32\stdio</Filter>
    </ClCompile>
    <ClCompile Include="source\crtw32\stdio\clearerr.c">
      <Filter>source\crtw32\stdio</Filter>
    </ClCompile>
    <ClCompile Include="source\crtw32\stdio\closeall.c">
      <Filter>source\crtw32\stdio</Filter>
    </ClCompile>
    <ClCompile Include="source\crtw32\stdio\cprintf.c">
      <Filter>source\crtw32\stdio</Filter>
    </ClCompile>
    <ClCompile Include="source\crtw32\stdio\cscanf.c">
      <Filter>source\crtw32\stdio</Filter>
    </ClCompile>
    <ClCompile Include="source\crtw32\stdio\fclose.c">
      <Filter>source\crtw32\stdio</Filter>
    </ClCompile>
    <ClCompile Include="source\crtw32\stdio\fdopen.c">
      <Filter>source\crtw32\stdio</Filter>
    </ClCompile>
    <ClCompile Include="source\crtw32\stdio\feoferr.c">
      <Filter>source\crtw32\stdio</Filter>
    </ClCompile>
    <ClCompile Include="source\crtw32\stdio\fflush.c">
      <Filter>source\crtw32\stdio</Filter>
    </ClCompile>
    <ClCompile Include="source\crtw32\stdio\fgetc.c">
      <Filter>source\crtw32\stdio</Filter>
    </ClCompile>
    <ClCompile Include="source\crtw32\stdio\fgetchar.c">
      <Filter>source\crtw32\stdio</Filter>
    </ClCompile>
    <ClCompile Include="source\crtw32\stdio\fgetpos.c">
      <Filter>source\crtw32\stdio</Filter>
    </ClCompile>
    <ClCompile Include="source\crtw32\stdio\fgets.c">
      <Filter>source\crtw32\stdio</Filter>
    </ClCompile>
    <ClCompile Include="source\crtw32\stdio\fgetwc.c">
      <Filter>source\crtw32\stdio</Filter>
    </ClCompile>
    <ClCompile Include="source\crtw32\stdio\fgetwchr.c">
      <Filter>source\crtw32\stdio</Filter>
    </ClCompile>
    <ClCompile Include="source\crtw32\stdio\fgetws.c">
      <Filter>source\crtw32\stdio</Filter>
    </ClCompile>
    <ClCompile Include="source\crtw32\stdio\fileno.c">
      <Filter>source\crtw32\stdio</Filter>
    </ClCompile>
    <ClCompile Include="source\crtw32\stdio\files.c">
      <Filter>source\crtw32\stdio</Filter>
    </ClCompile>
    <ClCompile Include="source\crtw32\stdio\fopen.c">
      <Filter>source\crtw32\stdio</Filter>
    </ClCompile>
    <ClCompile Include="source\crtw32\stdio\fprintf.c">
      <Filter>source\crtw32\stdio</Filter>
    </ClCompile>
    <ClCompile Include="source\crtw32\stdio\fputc.c">
      <Filter>source\crtw32\stdio</Filter>
    </ClCompile>
    <ClCompile Include="source\crtw32\stdio\fputchar.c">
      <Filter>source\crtw32\stdio</Filter>
    </ClCompile>
    <ClCompile Include="source\crtw32\stdio\fputs.c">
      <Filter>source\crtw32\stdio</Filter>
    </ClCompile>
    <ClCompile Include="source\crtw32\stdio\fputwc.c">
      <Filter>source\crtw32\stdio</Filter>
    </ClCompile>
    <ClCompile Include="source\crtw32\stdio\fputwchr.c">
      <Filter>source\crtw32\stdio</Filter>
    </ClCompile>
    <ClCompile Include="source\crtw32\stdio\fputws.c">
      <Filter>source\crtw32\stdio</Filter>
    </ClCompile>
    <ClCompile Include="source\crtw32\stdio\fread.c">
      <Filter>source\crtw32\stdio</Filter>
    </ClCompile>
    <ClCompile Include="source\crtw32\stdio\freopen.c">
      <Filter>source\crtw32\stdio</Filter>
    </ClCompile>
    <ClCompile Include="source\crtw32\stdio\fscanf.c">
      <Filter>source\crtw32\stdio</Filter>
    </ClCompile>
    <ClCompile Include="source\crtw32\stdio\fseek.c">
      <Filter>source\crtw32\stdio</Filter>
    </ClCompile>
    <ClCompile Include="source\crtw32\stdio\fseeki64.c">
      <Filter>source\crtw32\stdio</Filter>
    </ClCompile>
    <ClCompile Include="source\crtw32\stdio\fsetpos.c">
      <Filter>source\crtw32\stdio</Filter>
    </ClCompile>
    <ClCompile Include="source\crtw32\stdio\ftell.c">
      <Filter>source\crtw32\stdio</Filter>
    </ClCompile>
    <ClCompile Include="source\crtw32\stdio\ftelli64.c">
      <Filter>source\crtw32\stdio</Filter>
    </ClCompile>
    <ClCompile Include="source\crtw32\stdio\fwprintf.c">
      <Filter>source\crtw32\stdio</Filter>
    </ClCompile>
    <ClCompile Include="source\crtw32\stdio\fwrite.c">
      <Filter>source\crtw32\stdio</Filter>
    </ClCompile>
    <ClCompile Include="source\crtw32\stdio\fwscanf.c">
      <Filter>source\crtw32\stdio</Filter>
    </ClCompile>
    <ClCompile Include="source\crtw32\stdio\gets.c">
      <Filter>source\crtw32\stdio</Filter>
    </ClCompile>
    <ClCompile Include="source\crtw32\stdio\getw.c">
      <Filter>source\crtw32\stdio</Filter>
    </ClCompile>
    <ClCompile Include="source\crtw32\stdio\getws.c">
      <Filter>source\crtw32\stdio</Filter>
    </ClCompile>
    <ClCompile Include="source\crtw32\stdio\input.c">
      <Filter>source\crtw32\stdio</Filter>
    </ClCompile>
    <ClCompile Include="source\crtw32\stdio\ncommode.c">
      <Filter>source\crtw32\stdio</Filter>
    </ClCompile>
    <ClCompile Include="source\crtw32\stdio\popen.c">
      <Filter>source\crtw32\stdio</Filter>
    </ClCompile>
    <ClCompile Include="source\crtw32\stdio\printf.c">
      <Filter>source\crtw32\stdio</Filter>
    </ClCompile>
    <ClCompile Include="source\crtw32\stdio\puts.c">
      <Filter>source\crtw32\stdio</Filter>
    </ClCompile>
    <ClCompile Include="source\crtw32\stdio\putw.c">
      <Filter>source\crtw32\stdio</Filter>
    </ClCompile>
    <ClCompile Include="source\crtw32\stdio\putws.c">
      <Filter>source\crtw32\stdio</Filter>
    </ClCompile>
    <ClCompile Include="source\crtw32\stdio\rewind.c">
      <Filter>source\crtw32\stdio</Filter>
    </ClCompile>
    <ClCompile Include="source\crtw32\stdio\rmtmp.c">
      <Filter>source\crtw32\stdio</Filter>
    </ClCompile>
    <ClCompile Include="source\crtw32\stdio\scanf.c">
      <Filter>source\crtw32\stdio</Filter>
    </ClCompile>
    <ClCompile Include="source\crtw32\stdio\setbuf.c">
      <Filter>source\crtw32\stdio</Filter>
    </ClCompile>
    <ClCompile Include="source\crtw32\stdio\setmaxf.c">
      <Filter>source\crtw32\stdio</Filter>
    </ClCompile>
    <ClCompile Include="source\crtw32\stdio\setvbuf.c">
      <Filter>source\crtw32\stdio</Filter>
    </ClCompile>
    <ClCompile Include="source\crtw32\stdio\snprintf.c">
      <Filter>source\crtw32\stdio</Filter>
    </ClCompile>
    <ClCompile Include="source\crtw32\stdio\snwprint.c">
      <Filter>source\crtw32\stdio</Filter>
    </ClCompile>
    <ClCompile Include="source\crtw32\stdio\sprintf.c">
      <Filter>source\crtw32\stdio</Filter>
    </ClCompile>
    <ClCompile Include="source\crtw32\stdio\sscanf.c">
      <Filter>source\crtw32\stdio</Filter>
    </ClCompile>
    <ClCompile Include="source\crtw32\stdio\stream.c">
      <Filter>source\crtw32\stdio</Filter>
    </ClCompile>
    <ClCompile Include="source\crtw32\stdio\swprintf.c">
      <Filter>source\crtw32\stdio</Filter>
    </ClCompile>
    <ClCompile Include="source\crtw32\stdio\swscanf.c">
      <Filter>source\crtw32\stdio</Filter>
    </ClCompile>
    <ClCompile Include="source\crtw32\stdio\tempnam.c">
      <Filter>source\crtw32\stdio</Filter>
    </ClCompile>
    <ClCompile Include="source\crtw32\stdio\tmpfile.c">
      <Filter>source\crtw32\stdio</Filter>
    </ClCompile>
    <ClCompile Include="source\crtw32\stdio\ungetc.c">
      <Filter>source\crtw32\stdio</Filter>
    </ClCompile>
    <ClCompile Include="source\crtw32\stdio\ungetwc.c">
      <Filter>source\crtw32\stdio</Filter>
    </ClCompile>
    <ClCompile Include="source\crtw32\stdio\vfprintf.c">
      <Filter>source\crtw32\stdio</Filter>
    </ClCompile>
    <ClCompile Include="source\crtw32\stdio\vfwprint.c">
      <Filter>source\crtw32\stdio</Filter>
    </ClCompile>
    <ClCompile Include="source\crtw32\stdio\vprintf.c">
      <Filter>source\crtw32\stdio</Filter>
    </ClCompile>
    <ClCompile Include="source\crtw32\stdio\vsnprint.c">
      <Filter>source\crtw32\stdio</Filter>
    </ClCompile>
    <ClCompile Include="source\crtw32\stdio\vsnwprnt.c">
      <Filter>source\crtw32\stdio</Filter>
    </ClCompile>
    <ClCompile Include="source\crtw32\stdio\vsprintf.c">
      <Filter>source\crtw32\stdio</Filter>
    </ClCompile>
    <ClCompile Include="source\crtw32\stdio\vswprint.c">
      <Filter>source\crtw32\stdio</Filter>
    </ClCompile>
    <ClCompile Include="source\crtw32\stdio\vwprintf.c">
      <Filter>source\crtw32\stdio</Filter>
    </ClCompile>
    <ClCompile Include="source\crtw32\stdio\wfdopen.c">
      <Filter>source\crtw32\stdio</Filter>
    </ClCompile>
    <ClCompile Include="source\crtw32\stdio\wfopen.c">
      <Filter>source\crtw32\stdio</Filter>
    </ClCompile>
    <ClCompile Include="source\crtw32\stdio\wfreopen.c">
      <Filter>source\crtw32\stdio</Filter>
    </ClCompile>
    <ClCompile Include="source\crtw32\stdio\winput.c">
      <Filter>source\crtw32\stdio</Filter>
    </ClCompile>
    <ClCompile Include="source\crtw32\stdio\woutput.c">
      <Filter>source\crtw32\stdio</Filter>
    </ClCompile>
    <ClCompile Include="source\crtw32\stdio\wpopen.c">
      <Filter>source\crtw32\stdio</Filter>
    </ClCompile>
    <ClCompile Include="source\crtw32\stdio\wprintf.c">
      <Filter>source\crtw32\stdio</Filter>
    </ClCompile>
    <ClCompile Include="source\crtw32\stdio\wscanf.c">
      <Filter>source\crtw32\stdio</Filter>
    </ClCompile>
    <ClCompile Include="source\crtw32\stdio\wtempnam.c">
      <Filter>source\crtw32\stdio</Filter>
    </ClCompile>
    <ClCompile Include="source\crtw32\string\memccpy.c">
      <Filter>source\crtw32\string</Filter>
    </ClCompile>
    <ClCompile Include="source\crtw32\string\memchr.c">
      <Filter>source\crtw32\string</Filter>
    </ClCompile>
    <ClCompile Include="source\crtw32\string\memcmp.c">
      <Filter>source\crtw32\string</Filter>
    </ClCompile>
    <ClCompile Include="source\crtw32\string\memcpy.c">
      <Filter>source\crtw32\string</Filter>
    </ClCompile>
    <ClCompile Include="source\crtw32\string\memicmp.c">
      <Filter>source\crtw32\string</Filter>
    </ClCompile>
    <ClCompile Include="source\crtw32\string\memmove.c">
      <Filter>source\crtw32\string</Filter>
    </ClCompile>
    <ClCompile Include="source\crtw32\string\memset.c">
      <Filter>source\crtw32\string</Filter>
    </ClCompile>
    <ClCompile Include="source\crtw32\string\strcat.c">
      <Filter>source\crtw32\string</Filter>
    </ClCompile>
    <ClCompile Include="source\crtw32\string\strchr.c">
      <Filter>source\crtw32\string</Filter>
    </ClCompile>
    <ClCompile Include="source\crtw32\string\strcmp.c">
      <Filter>source\crtw32\string</Filter>
    </ClCompile>
    <ClCompile Include="source\crtw32\string\strcoll.c">
      <Filter>source\crtw32\string</Filter>
    </ClCompile>
    <ClCompile Include="source\crtw32\string\strcspn.c">
      <Filter>source\crtw32\string</Filter>
    </ClCompile>
    <ClCompile Include="source\crtw32\string\strdup.c">
      <Filter>source\crtw32\string</Filter>
    </ClCompile>
    <ClCompile Include="source\crtw32\string\stricmp.c">
      <Filter>source\crtw32\string</Filter>
    </ClCompile>
    <ClCompile Include="source\crtw32\string\stricoll.c">
      <Filter>source\crtw32\string</Filter>
    </ClCompile>
    <ClCompile Include="source\crtw32\string\strlen.c">
      <Filter>source\crtw32\string</Filter>
    </ClCompile>
    <ClCompile Include="source\crtw32\string\strlwr.c">
      <Filter>source\crtw32\string</Filter>
    </ClCompile>
    <ClCompile Include="source\crtw32\string\strncat.c">
      <Filter>source\crtw32\string</Filter>
    </ClCompile>
    <ClCompile Include="source\crtw32\string\strncmp.c">
      <Filter>source\crtw32\string</Filter>
    </ClCompile>
    <ClCompile Include="source\crtw32\string\strncoll.c">
      <Filter>source\crtw32\string</Filter>
    </ClCompile>
    <ClCompile Include="source\crtw32\string\strncpy.c">
      <Filter>source\crtw32\string</Filter>
    </ClCompile>
    <ClCompile Include="source\crtw32\string\strnicmp.c">
      <Filter>source\crtw32\string</Filter>
    </ClCompile>
    <ClCompile Include="source\crtw32\string\strnicol.c">
      <Filter>source\crtw32\string</Filter>
    </ClCompile>
    <ClCompile Include="source\crtw32\string\strnset.c">
      <Filter>source\crtw32\string</Filter>
    </ClCompile>
    <ClCompile Include="source\crtw32\string\strpbrk.c">
      <Filter>source\crtw32\string</Filter>
    </ClCompile>
    <ClCompile Include="source\crtw32\string\strrchr.c">
      <Filter>source\crtw32\string</Filter>
    </ClCompile>
    <ClCompile Include="source\crtw32\string\strrev.c">
      <Filter>source\crtw32\string</Filter>
    </ClCompile>
    <ClCompile Include="source\crtw32\string\strset.c">
      <Filter>source\crtw32\string</Filter>
    </ClCompile>
    <ClCompile Include="source\crtw32\string\strspn.c">
      <Filter>source\crtw32\string</Filter>
    </ClCompile>
    <ClCompile Include="source\crtw32\string\strstr.c">
      <Filter>source\crtw32\string</Filter>
    </ClCompile>
    <ClCompile Include="source\crtw32\string\strtok.c">
      <Filter>source\crtw32\string</Filter>
    </ClCompile>
    <ClCompile Include="source\crtw32\string\strupr.c">
      <Filter>source\crtw32\string</Filter>
    </ClCompile>
    <ClCompile Include="source\crtw32\string\strxfrm.c">
      <Filter>source\crtw32\string</Filter>
    </ClCompile>
    <ClCompile Include="source\crtw32\string\wcscat.c">
      <Filter>source\crtw32\string</Filter>
    </ClCompile>
    <ClCompile Include="source\crtw32\string\wcschr.c">
      <Filter>source\crtw32\string</Filter>
    </ClCompile>
    <ClCompile Include="source\crtw32\string\wcscmp.c">
      <Filter>source\crtw32\string</Filter>
    </ClCompile>
    <ClCompile Include="source\crtw32\string\wcscoll.c">
      <Filter>source\crtw32\string</Filter>
    </ClCompile>
    <ClCompile Include="source\crtw32\string\wcscspn.c">
      <Filter>source\crtw32\string</Filter>
    </ClCompile>
    <ClCompile Include="source\crtw32\string\wcsdup.c">
      <Filter>source\crtw32\string</Filter>
    </ClCompile>
    <ClCompile Include="source\crtw32\string\wcsicmp.c">
      <Filter>source\crtw32\string</Filter>
    </ClCompile>
    <ClCompile Include="source\crtw32\string\wcsicoll.c">
      <Filter>source\crtw32\string</Filter>
    </ClCompile>
    <ClCompile Include="source\crtw32\string\wcslen.c">
      <Filter>source\crtw32\string</Filter>
    </ClCompile>
    <ClCompile Include="source\crtw32\string\wcslwr.c">
      <Filter>source\crtw32\string</Filter>
    </ClCompile>
    <ClCompile Include="source\crtw32\string\wcsncat.c">
      <Filter>source\crtw32\string</Filter>
    </ClCompile>
    <ClCompile Include="source\crtw32\string\wcsncmp.c">
      <Filter>source\crtw32\string</Filter>
    </ClCompile>
    <ClCompile Include="source\crtw32\string\wcsncoll.c">
      <Filter>source\crtw32\string</Filter>
    </ClCompile>
    <ClCompile Include="source\crtw32\string\wcsncpy.c">
      <Filter>source\crtw32\string</Filter>
    </ClCompile>
    <ClCompile Include="source\crtw32\string\wcsnicmp.c">
      <Filter>source\crtw32\string</Filter>
    </ClCompile>
    <ClCompile Include="source\crtw32\string\wcsnicol.c">
      <Filter>source\crtw32\string</Filter>
    </ClCompile>
    <ClCompile Include="source\crtw32\string\wcsnset.c">
      <Filter>source\crtw32\string</Filter>
    </ClCompile>
    <ClCompile Include="source\crtw32\string\wcspbrk.c">
      <Filter>source\crtw32\string</Filter>
    </ClCompile>
    <ClCompile Include="source\crtw32\string\wcsrchr.c">
      <Filter>source\crtw32\string</Filter>
    </ClCompile>
    <ClCompile Include="source\crtw32\string\wcsrev.c">
      <Filter>source\crtw32\string</Filter>
    </ClCompile>
    <ClCompile Include="source\crtw32\string\wcsset.c">
      <Filter>source\crtw32\string</Filter>
    </ClCompile>
    <ClCompile Include="source\crtw32\string\wcsspn.c">
      <Filter>source\crtw32\string</Filter>
    </ClCompile>
    <ClCompile Include="source\crtw32\string\wcsstr.c">
      <Filter>source\crtw32\string</Filter>
    </ClCompile>
    <ClCompile Include="source\crtw32\string\wcstok.c">
      <Filter>source\crtw32\string</Filter>
    </ClCompile>
    <ClCompile Include="source\crtw32\string\wcsupr.c">
      <Filter>source\crtw32\string</Filter>
    </ClCompile>
    <ClCompile Include="source\crtw32\string\wcsxfrm.c">
      <Filter>source\crtw32\string</Filter>
    </ClCompile>
    <ClCompile Include="source\crtw32\time\wutime.c">
      <Filter>source\crtw32\time</Filter>
    </ClCompile>
    <ClCompile Include="source\crtw32\time\asctime.c">
      <Filter>source\crtw32\time</Filter>
    </ClCompile>
    <ClCompile Include="source\crtw32\time\clock.c">
      <Filter>source\crtw32\time</Filter>
    </ClCompile>
    <ClCompile Include="source\crtw32\time\ctime.c">
      <Filter>source\crtw32\time</Filter>
    </ClCompile>
    <ClCompile Include="source\crtw32\time\days.c">
      <Filter>source\crtw32\time</Filter>
    </ClCompile>
    <ClCompile Include="source\crtw32\time\difftime.c">
      <Filter>source\crtw32\time</Filter>
    </ClCompile>
    <ClCompile Include="source\crtw32\time\dtoxtime.c">
      <Filter>source\crtw32\time</Filter>
    </ClCompile>
    <ClCompile Include="source\crtw32\time\ftime.c">
      <Filter>source\crtw32\time</Filter>
    </ClCompile>
    <ClCompile Include="source\crtw32\time\gmtime.c">
      <Filter>source\crtw32\time</Filter>
    </ClCompile>
    <ClCompile Include="source\crtw32\time\localtim.c">
      <Filter>source\crtw32\time</Filter>
    </ClCompile>
    <ClCompile Include="source\crtw32\time\mktime.c">
      <Filter>source\crtw32\time</Filter>
    </ClCompile>
    <ClCompile Include="source\crtw32\time\strdate.c">
      <Filter>source\crtw32\time</Filter>
    </ClCompile>
    <ClCompile Include="source\crtw32\time\strftime.c">
      <Filter>source\crtw32\time</Filter>
    </ClCompile>
    <ClCompile Include="source\crtw32\time\strtime.c">
      <Filter>source\crtw32\time</Filter>
    </ClCompile>
    <ClCompile Include="source\crtw32\time\systime.c">
      <Filter>source\crtw32\time</Filter>
    </ClCompile>
    <ClCompile Include="source\crtw32\time\time.c">
      <Filter>source\crtw32\time</Filter>
    </ClCompile>
    <ClCompile Include="source\crtw32\time\timeset.c">
      <Filter>source\crtw32\time</Filter>
    </ClCompile>
    <ClCompile Include="source\crtw32\time\tzset.c">
      <Filter>source\crtw32\time</Filter>
    </ClCompile>
    <ClCompile Include="source\crtw32\time\utime.c">
      <Filter>source\crtw32\time</Filter>
    </ClCompile>
    <ClCompile Include="source\crtw32\time\wasctime.c">
      <Filter>source\crtw32\time</Filter>
    </ClCompile>
    <ClCompile Include="source\crtw32\time\wcsftime.c">
      <Filter>source\crtw32\time</Filter>
    </ClCompile>
    <ClCompile Include="source\crtw32\time\wctime.c">
      <Filter>source\crtw32\time</Filter>
    </ClCompile>
    <ClCompile Include="source\crtw32\time\wstrdate.c">
      <Filter>source\crtw32\time</Filter>
    </ClCompile>
    <ClCompile Include="source\crtw32\time\wstrtime.c">
      <Filter>source\crtw32\time</Filter>
    </ClCompile>
    <ClCompile Include="source\fpw32\conv\assrt.c">
      <Filter>source\fpw32\conv</Filter>
    </ClCompile>
    <ClCompile Include="source\fpw32\conv\cfin.c">
      <Filter>source\fpw32\conv</Filter>
    </ClCompile>
    <ClCompile Include="source\fpw32\conv\cfout.c">
      <Filter>source\fpw32\conv</Filter>
    </ClCompile>
    <ClCompile Include="source\fpw32\conv\constpow.c">
      <Filter>source\fpw32\conv</Filter>
    </ClCompile>
    <ClCompile Include="source\fpw32\conv\fltinf.c">
      <Filter>source\fpw32\conv</Filter>
    </ClCompile>
    <ClCompile Include="source\fpw32\conv\fpinit.c">
      <Filter>source\fpw32\conv</Filter>
    </ClCompile>
    <ClCompile Include="source\fpw32\conv\intrncvt.c">
      <Filter>source\fpw32\conv</Filter>
    </ClCompile>
    <ClCompile Include="source\fpw32\conv\mantold.c">
      <Filter>source\fpw32\conv</Filter>
    </ClCompile>
    <ClCompile Include="source\fpw32\conv\strgtold.c">
      <Filter>source\fpw32\conv</Filter>
    </ClCompile>
    <ClCompile Include="source\fpw32\conv\tenpow.c">
      <Filter>source\fpw32\conv</Filter>
    </ClCompile>
    <ClCompile Include="source\fpw32\conv\x10fout.c">
      <Filter>source\fpw32\conv</Filter>
    </ClCompile>
    <ClCompile Include="source\fpw32\tran\bessel.c">
      <Filter>source\fpw32\tran</Filter>
    </ClCompile>
    <ClCompile Include="source\fpw32\tran\ceil.c">
      <Filter>source\fpw32\tran</Filter>
    </ClCompile>
    <ClCompile Include="source\fpw32\tran\testfdiv.c">
      <Filter>source\fpw32\tran</Filter>
    </ClCompile>
    <ClCompile Include="source\fpw32\tran\ieee87.c">
      <Filter>source\fpw32\tran</Filter>
    </ClCompile>
    <ClCompile Include="source\fpw32\tran\frnd.c">
      <Filter>source\fpw32\tran</Filter>
    </ClCompile>
    <ClCompile Include="source\fpw32\tran\fpctrl.c">
      <Filter>source\fpw32\tran</Filter>
    </ClCompile>
    <ClCompile Include="source\fpw32\tran\filter.c">
      <Filter>source\fpw32\tran</Filter>
    </ClCompile>
    <ClCompile Include="source\fpw32\tran\87except.c">
      <Filter>source\fpw32\tran</Filter>
    </ClCompile>
    <ClCompile Include="source\fpw32\tran\exp.c">
      <Filter>source\fpw32\tran</Filter>
    </ClCompile>
    <ClCompile Include="source\fpw32\tran\fabs.c">
      <Filter>source\fpw32\tran</Filter>
    </ClCompile>
    <ClCompile Include="source\fpw32\tran\floor.c">
      <Filter>source\fpw32\tran</Filter>
    </ClCompile>
    <ClCompile Include="source\fpw32\tran\fmod.c">
      <Filter>source\fpw32\tran</Filter>
    </ClCompile>
    <ClCompile Include="source\fpw32\tran\fpexcept.c">
      <Filter>source\fpw32\tran</Filter>
    </ClCompile>
    <ClCompile Include="source\fpw32\tran\frexp.c">
      <Filter>source\fpw32\tran</Filter>
    </ClCompile>
    <ClCompile Include="source\fpw32\tran\hypot.c">
      <Filter>source\fpw32\tran</Filter>
    </ClCompile>
    <ClCompile Include="source\fpw32\tran\ieeemisc.c">
      <Filter>source\fpw32\tran</Filter>
    </ClCompile>
    <ClCompile Include="source\fpw32\tran\ldexp.c">
      <Filter>source\fpw32\tran</Filter>
    </ClCompile>
    <ClCompile Include="source\fpw32\tran\log.c">
      <Filter>source\fpw32\tran</Filter>
    </ClCompile>
    <ClCompile Include="source\fpw32\tran\matherr.c">
      <Filter>source\fpw32\tran</Filter>
    </ClCompile>
    <ClCompile Include="source\fpw32\tran\modf.c">
      <Filter>source\fpw32\tran</Filter>
    </ClCompile>
    <ClCompile Include="source\fpw32\tran\pow.c">
      <Filter>source\fpw32\tran</Filter>
    </ClCompile>
    <ClCompile Include="source\fpw32\tran\powhlp.c">
      <Filter>source\fpw32\tran</Filter>
    </ClCompile>
    <ClCompile Include="source\fpw32\tran\sincos.c">
      <Filter>source\fpw32\tran</Filter>
    </ClCompile>
    <ClCompile Include="source\fpw32\tran\sincosh.c">
      <Filter>source\fpw32\tran</Filter>
    </ClCompile>
    <ClCompile Include="source\fpw32\tran\sqrt.c">
      <Filter>source\fpw32\tran</Filter>
    </ClCompile>
    <ClCompile Include="source\fpw32\tran\tan.c">
      <Filter>source\fpw32\tran</Filter>
    </ClCompile>
    <ClCompile Include="source\fpw32\tran\tanh.c">
      <Filter>source\fpw32\tran</Filter>
    </ClCompile>
    <ClCompile Include="source\fpw32\tran\util.c">
      <Filter>source\fpw32\tran</Filter>
    </ClCompile>
    <ClCompile Include="source\fpw32\tran\asincos.c">
      <Filter>source\fpw32\tran</Filter>
    </ClCompile>
    <ClCompile Include="source\fpw32\tran\atan.c">
      <Filter>source\fpw32\tran</Filter>
    </ClCompile>
    <ClCompile Include="source\fpw32\conv\cvt.c">
      <Filter>source\fpw32\conv</Filter>
    </ClCompile>
    <ClCompile Include="crt_Global.c">
      <Filter>source</Filter>
    </ClCompile>
    <ClCompile Include="source\crtw32\stdio\output_sub.c">
      <Filter>source\crtw32\stdio</Filter>
    </ClCompile>
    <ClCompile Include="test_main.c" />
  </ItemGroup>
  <ItemGroup>
    <None Include="source\crtw32\direct\enable.asm">
      <Filter>source\crtw32\direct</Filter>
    </None>
    <None Include="source\crtw32\eh\ehprolog.asm">
      <Filter>source\crtw32\eh</Filter>
    </None>
    <None Include="source\crtw32\eh\lowhelpr.asm">
      <Filter>source\crtw32\eh</Filter>
    </None>
    <None Include="source\crtw32\h\cmacros.inc">
      <Filter>source\crtw32\h</Filter>
    </None>
    <None Include="source\crtw32\h\cruntime.inc">
      <Filter>source\crtw32\h</Filter>
    </None>
    <None Include="source\crtw32\h\defsects.inc">
      <Filter>source\crtw32\h</Filter>
    </None>
    <None Include="source\crtw32\h\except.inc">
      <Filter>source\crtw32\h</Filter>
    </None>
    <None Include="source\crtw32\h\exsup.inc">
      <Filter>source\crtw32\h</Filter>
    </None>
    <None Include="source\crtw32\h\mm.inc">
      <Filter>source\crtw32\h</Filter>
    </None>
    <None Include="source\crtw32\h\msdos.inc">
      <Filter>source\crtw32\h</Filter>
    </None>
    <None Include="source\crtw32\h\pversion.inc">
      <Filter>source\crtw32\h</Filter>
    </None>
    <None Include="source\crtw32\h\timeb.inc">
      <Filter>source\crtw32\h</Filter>
    </None>
    <None Include="source\crtw32\helper\lldiv.asm">
      <Filter>source\crtw32\helper</Filter>
    </None>
    <None Include="source\crtw32\helper\llmul.asm">
      <Filter>source\crtw32\helper</Filter>
    </None>
    <None Include="source\crtw32\helper\llrem.asm">
      <Filter>source\crtw32\helper</Filter>
    </None>
    <None Include="source\crtw32\helper\llshl.asm">
      <Filter>source\crtw32\helper</Filter>
    </None>
    <None Include="source\crtw32\helper\llshr.asm">
      <Filter>source\crtw32\helper</Filter>
    </None>
    <None Include="source\crtw32\helper\ulldiv.asm">
      <Filter>source\crtw32\helper</Filter>
    </None>
    <None Include="source\crtw32\helper\ullrem.asm">
      <Filter>source\crtw32\helper</Filter>
    </None>
    <None Include="source\crtw32\helper\ullshr.asm">
      <Filter>source\crtw32\helper</Filter>
    </None>
    <None Include="source\crtw32\lowio\inp.asm">
      <Filter>source\crtw32\lowio</Filter>
    </None>
    <None Include="source\crtw32\lowio\outp.asm">
      <Filter>source\crtw32\lowio</Filter>
    </None>
    <None Include="source\crtw32\mbstring\mbscat.asm">
      <Filter>source\crtw32\mbstring</Filter>
    </None>
    <None Include="source\crtw32\mbstring\mbsdup.asm">
      <Filter>source\crtw32\mbstring</Filter>
    </None>
    <None Include="source\crtw32\misc\exsup2.asm">
      <Filter>source\crtw32\misc</Filter>
    </None>
    <None Include="source\crtw32\misc\exsup3.asm">
      <Filter>source\crtw32\misc</Filter>
    </None>
    <None Include="source\crtw32\misc\exsup.asm">
      <Filter>source\crtw32\misc</Filter>
    </None>
    <None Include="source\crtw32\misc\longjmp.asm">
      <Filter>source\crtw32\misc</Filter>
    </None>
    <None Include="source\crtw32\misc\setjmp3.asm">
      <Filter>source\crtw32\misc</Filter>
    </None>
    <None Include="source\crtw32\misc\setjmp.asm">
      <Filter>source\crtw32\misc</Filter>
    </None>
    <None Include="source\crtw32\misc\setjmpex.asm">
      <Filter>source\crtw32\misc</Filter>
    </None>
    <None Include="source\crtw32\startup\atlssup.asm">
      <Filter>source\crtw32\startup</Filter>
    </None>
    <None Include="source\crtw32\startup\chkstk.asm">
      <Filter>source\crtw32\startup</Filter>
    </None>
    <None Include="source\crtw32\string\strspn.asm">
      <Filter>source\crtw32\string</Filter>
    </None>
    <None Include="source\crtw32\string\strset.asm">
      <Filter>source\crtw32\string</Filter>
    </None>
    <None Include="source\crtw32\string\strrev.asm">
      <Filter>source\crtw32\string</Filter>
    </None>
    <None Include="source\crtw32\string\strrchr.asm">
      <Filter>source\crtw32\string</Filter>
    </None>
    <None Include="source\crtw32\string\strpbrk.asm">
      <Filter>source\crtw32\string</Filter>
    </None>
    <None Include="source\crtw32\string\strnset.asm">
      <Filter>source\crtw32\string</Filter>
    </None>
    <None Include="source\crtw32\string\strnicmp.asm">
      <Filter>source\crtw32\string</Filter>
    </None>
    <None Include="source\crtw32\string\strncpy.asm">
      <Filter>source\crtw32\string</Filter>
    </None>
    <None Include="source\crtw32\string\strncmp.asm">
      <Filter>source\crtw32\string</Filter>
    </None>
    <None Include="source\crtw32\string\strncat.asm">
      <Filter>source\crtw32\string</Filter>
    </None>
    <None Include="source\crtw32\string\strlen.asm">
      <Filter>source\crtw32\string</Filter>
    </None>
    <None Include="source\crtw32\string\stricmp.asm">
      <Filter>source\crtw32\string</Filter>
    </None>
    <None Include="source\crtw32\string\strdup.asm">
      <Filter>source\crtw32\string</Filter>
    </None>
    <None Include="source\crtw32\string\strcspn.asm">
      <Filter>source\crtw32\string</Filter>
    </None>
    <None Include="source\crtw32\string\strcmp.asm">
      <Filter>source\crtw32\string</Filter>
    </None>
    <None Include="source\crtw32\string\strchr.asm">
      <Filter>source\crtw32\string</Filter>
    </None>
    <None Include="source\crtw32\string\strcat.asm">
      <Filter>source\crtw32\string</Filter>
    </None>
    <None Include="source\crtw32\string\memset.asm">
      <Filter>source\crtw32\string</Filter>
    </None>
    <None Include="source\crtw32\string\memmove.asm">
      <Filter>source\crtw32\string</Filter>
    </None>
    <None Include="source\crtw32\string\memicmp.asm">
      <Filter>source\crtw32\string</Filter>
    </None>
    <None Include="source\crtw32\string\memcpy.asm">
      <Filter>source\crtw32\string</Filter>
    </None>
    <None Include="source\crtw32\string\memcmp.asm">
      <Filter>source\crtw32\string</Filter>
    </None>
    <None Include="source\crtw32\string\memchr.asm">
      <Filter>source\crtw32\string</Filter>
    </None>
    <None Include="source\crtw32\string\memccpy.asm">
      <Filter>source\crtw32\string</Filter>
    </None>
    <None Include="source\crtw32\string\strstr.asm">
      <Filter>source\crtw32\string</Filter>
    </None>
    <None Include="source\fpw32\inc\mrt386.inc">
      <Filter>source\fpw32\inc</Filter>
    </None>
    <None Include="source\fpw32\inc\cmacros.inc">
      <Filter>source\fpw32\inc</Filter>
    </None>
    <None Include="source\fpw32\inc\convert.inc">
      <Filter>source\fpw32\inc</Filter>
    </None>
    <None Include="source\fpw32\inc\cruntime.inc">
      <Filter>source\fpw32\inc</Filter>
    </None>
    <None Include="source\fpw32\inc\defsegs.inc">
      <Filter>source\fpw32\inc</Filter>
    </None>
    <None Include="source\fpw32\inc\elem87.inc">
      <Filter>source\fpw32\inc</Filter>
    </None>
    <None Include="source\fpw32\inc\errno.inc">
      <Filter>source\fpw32\inc</Filter>
    </None>
    <None Include="source\fpw32\inc\mathmac.inc">
      <Filter>source\fpw32\inc</Filter>
    </None>
    <None Include="source\fpw32\inc\mathver.inc">
      <Filter>source\fpw32\inc</Filter>
    </None>
    <None Include="source\fpw32\inc\memmacs.inc">
      <Filter>source\fpw32\inc</Filter>
    </None>
    <None Include="source\fpw32\inc\version.inc">
      <Filter>source\fpw32\inc</Filter>
    </None>
    <None Include="source\fpw32\inc\os2supp.inc">
      <Filter>source\fpw32\inc</Filter>
    </None>
    <None Include="source\fpw32\inc\os2dll.inc">
      <Filter>source\fpw32\inc</Filter>
    </None>
    <None Include="source\fpw32\tran\87csqrt.asm">
      <Filter>source\fpw32\tran</Filter>
    </None>
    <None Include="source\fpw32\tran\87cdisp.asm">
      <Filter>source\fpw32\tran</Filter>
    </None>
    <None Include="source\fpw32\tran\ldsplit.asm">
      <Filter>source\fpw32\tran</Filter>
    </None>
    <None Include="source\fpw32\tran\huge.asm">
      <Filter>source\fpw32\tran</Filter>
    </None>
    <None Include="source\fpw32\tran\ftol.asm">
      <Filter>source\fpw32\tran</Filter>
    </None>
    <None Include="source\fpw32\tran\adj_fdiv.asm">
      <Filter>source\fpw32\tran</Filter>
    </None>
    <None Include="source\fpw32\tran\87trigh.asm">
      <Filter>source\fpw32\tran</Filter>
    </None>
    <None Include="source\fpw32\tran\87triga.asm">
      <Filter>source\fpw32\tran</Filter>
    </None>
    <None Include="source\fpw32\tran\87trig.asm">
      <Filter>source\fpw32\tran</Filter>
    </None>
    <None Include="source\fpw32\tran\87tran.asm">
      <Filter>source\fpw32\tran</Filter>
    </None>
    <None Include="source\fpw32\tran\87sqrt.asm">
      <Filter>source\fpw32\tran</Filter>
    </None>
    <None Include="source\fpw32\tran\87fmod.asm">
      <Filter>source\fpw32\tran</Filter>
    </None>
    <None Include="source\fpw32\tran\87disp.asm">
      <Filter>source\fpw32\tran</Filter>
    </None>
    <None Include="source\fpw32\tran\87ctrigh.asm">
      <Filter>source\fpw32\tran</Filter>
    </None>
    <None Include="source\fpw32\tran\87ctriga.asm">
      <Filter>source\fpw32\tran</Filter>
    </None>
    <None Include="source\fpw32\tran\87ctrig.asm">
      <Filter>source\fpw32\tran</Filter>
    </None>
    <None Include="source\fpw32\tran\87ctran.asm">
      <Filter>source\fpw32\tran</Filter>
    </None>
    <None Include="source\crtw32\winheap\new_mode.cpp">
      <Filter>source\crtw32\winheap</Filter>
    </None>
    <None Include="source\crtw32\winheap\new.cpp">
      <Filter>source\crtw32\winheap</Filter>
    </None>
    <None Include="source\crtw32\winheap\msize.c">
      <Filter>source\crtw32\winheap</Filter>
    </None>
    <None Include="source\crtw32\winheap\malloc.c">
      <Filter>source\crtw32\winheap</Filter>
    </None>
    <None Include="source\crtw32\winheap\hpabort.c">
      <Filter>source\crtw32\winheap</Filter>
    </None>
    <None Include="source\crtw32\winheap\heapwalk.c">
      <Filter>source\crtw32\winheap</Filter>
    </None>
    <None Include="source\crtw32\winheap\heapused.c">
      <Filter>source\crtw32\winheap</Filter>
    </None>
    <None Include="source\crtw32\winheap\heapmin.c">
      <Filter>source\crtw32\winheap</Filter>
    </None>
    <None Include="source\crtw32\winheap\heapinit.c">
      <Filter>source\crtw32\winheap</Filter>
    </None>
    <None Include="source\crtw32\winheap\heapchk.c">
      <Filter>source\crtw32\winheap</Filter>
    </None>
    <None Include="source\crtw32\winheap\heapadd.c">
      <Filter>source\crtw32\winheap</Filter>
    </None>
    <None Include="source\crtw32\winheap\handler.cpp">
      <Filter>source\crtw32\winheap</Filter>
    </None>
    <None Include="source\crtw32\winheap\expand.c">
      <Filter>source\crtw32\winheap</Filter>
    </None>
    <None Include="source\crtw32\winheap\delete.cpp">
      <Filter>source\crtw32\winheap</Filter>
    </None>
    <None Include="source\crtw32\winheap\calloc.c">
      <Filter>source\crtw32\winheap</Filter>
    </None>
    <None Include="source\crtw32\winheap\realloc.c">
      <Filter>source\crtw32\winheap</Filter>
    </None>
    <None Include="source\crtw32\winheap\_newmode.c">
      <Filter>source\crtw32\winheap</Filter>
    </None>
    <None Include="source\crtw32\startup\tidprint.c">
      <Filter>source\crtw32\startup</Filter>
    </None>
    <None Include="source\crtw32\iostream\strmbdbp.cpp">
      <Filter>source\crtw32\iostream</Filter>
    </None>
    <None Include="source\crtw32\iostream\streamb1.cpp">
      <Filter>source\crtw32\iostream</Filter>
    </None>
    <None Include="source\crtw32\iostream\streamb.cpp">
      <Filter>source\crtw32\iostream</Filter>
    </None>
    <None Include="source\crtw32\iostream\stdiostr.cpp">
      <Filter>source\crtw32\iostream</Filter>
    </None>
    <None Include="source\crtw32\iostream\ostrusht.cpp">
      <Filter>source\crtw32\iostream</Filter>
    </None>
    <None Include="source\crtw32\iostream\ostrulng.cpp">
      <Filter>source\crtw32\iostream</Filter>
    </None>
    <None Include="source\crtw32\iostream\ostruint.cpp">
      <Filter>source\crtw32\iostream</Filter>
    </None>
    <None Include="source\crtw32\iostream\ostrshrt.cpp">
      <Filter>source\crtw32\iostream</Filter>
    </None>
    <None Include="source\crtw32\iostream\ostrput.cpp">
      <Filter>source\crtw32\iostream</Filter>
    </None>
    <None Include="source\crtw32\iostream\ostrptr.cpp">
      <Filter>source\crtw32\iostream</Filter>
    </None>
    <None Include="source\crtw32\iostream\ostrlong.cpp">
      <Filter>source\crtw32\iostream</Filter>
    </None>
    <None Include="source\crtw32\iostream\ostrldbl.cpp">
      <Filter>source\crtw32\iostream</Filter>
    </None>
    <None Include="source\crtw32\iostream\ostrint.cpp">
      <Filter>source\crtw32\iostream</Filter>
    </None>
    <None Include="source\crtw32\iostream\ostream1.cpp">
      <Filter>source\crtw32\iostream</Filter>
    </None>
    <None Include="source\crtw32\iostream\ostream.cpp">
      <Filter>source\crtw32\iostream</Filter>
    </None>
    <None Include="source\crtw32\iostream\ostrdbl.cpp">
      <Filter>source\crtw32\iostream</Filter>
    </None>
    <None Include="source\crtw32\iostream\ostrchar.cpp">
      <Filter>source\crtw32\iostream</Filter>
    </None>
    <None Include="source\crtw32\iostream\ofstream.cpp">
      <Filter>source\crtw32\iostream</Filter>
    </None>
    <None Include="source\crtw32\iostream\mtlock.c">
      <Filter>source\crtw32\iostream</Filter>
    </None>
    <None Include="source\crtw32\iostream\istrusht.cpp">
      <Filter>source\crtw32\iostream</Filter>
    </None>
    <None Include="source\crtw32\iostream\istrulng.cpp">
      <Filter>source\crtw32\iostream</Filter>
    </None>
    <None Include="source\crtw32\iostream\istruint.cpp">
      <Filter>source\crtw32\iostream</Filter>
    </None>
    <None Include="source\crtw32\iostream\istrshrt.cpp">
      <Filter>source\crtw32\iostream</Filter>
    </None>
    <None Include="source\crtw32\iostream\istrlong.cpp">
      <Filter>source\crtw32\iostream</Filter>
    </None>
    <None Include="source\crtw32\iostream\istrldbl.cpp">
      <Filter>source\crtw32\iostream</Filter>
    </None>
    <None Include="source\crtw32\iostream\istrint.cpp">
      <Filter>source\crtw32\iostream</Filter>
    </None>
    <None Include="source\crtw32\iostream\istrgint.cpp">
      <Filter>source\crtw32\iostream</Filter>
    </None>
    <None Include="source\crtw32\iostream\istrgetl.cpp">
      <Filter>source\crtw32\iostream</Filter>
    </None>
    <None Include="source\crtw32\iostream\istrget.cpp">
      <Filter>source\crtw32\iostream</Filter>
    </None>
    <None Include="source\crtw32\iostream\istrgdbl.cpp">
      <Filter>source\crtw32\iostream</Filter>
    </None>
    <None Include="source\crtw32\iostream\istrflt.cpp">
      <Filter>source\crtw32\iostream</Filter>
    </None>
    <None Include="source\crtw32\iostream\istream1.cpp">
      <Filter>source\crtw32\iostream</Filter>
    </None>
    <None Include="source\crtw32\iostream\istream.cpp">
      <Filter>source\crtw32\iostream</Filter>
    </None>
    <None Include="source\crtw32\iostream\istrdbl.cpp">
      <Filter>source\crtw32\iostream</Filter>
    </None>
    <None Include="source\crtw32\iostream\istrchar.cpp">
      <Filter>source\crtw32\iostream</Filter>
    </None>
    <None Include="source\crtw32\iostream\iostrini.cpp">
      <Filter>source\crtw32\iostream</Filter>
    </None>
    <None Include="source\crtw32\iostream\iostream.cpp">
      <Filter>source\crtw32\iostream</Filter>
    </None>
    <None Include="source\crtw32\iostream\ios.cpp">
      <Filter>source\crtw32\iostream</Filter>
    </None>
    <None Include="source\crtw32\iostream\ifstream.cpp">
      <Filter>source\crtw32\iostream</Filter>
    </None>
    <None Include="source\crtw32\iostream\fstream.cpp">
      <Filter>source\crtw32\iostream</Filter>
    </None>
    <None Include="source\crtw32\iostream\filebuf1.cpp">
      <Filter>source\crtw32\iostream</Filter>
    </None>
    <None Include="source\crtw32\iostream\filebuf.cpp">
      <Filter>source\crtw32\iostream</Filter>
    </None>
    <None Include="source\crtw32\iostream\cloginit.cpp">
      <Filter>source\crtw32\iostream</Filter>
    </None>
    <None Include="source\crtw32\iostream\cininit.cpp">
      <Filter>source\crtw32\iostream</Filter>
    </None>
    <None Include="source\crtw32\iostream\strstrea.cpp">
      <Filter>source\crtw32\iostream</Filter>
    </None>
    <None Include="source\crtw32\iostream\cerrinit.cpp">
      <Filter>source\crtw32\iostream</Filter>
    </None>
    <None Include="source\crtw32\eh\validate.cpp">
      <Filter>source\crtw32\eh</Filter>
    </None>
    <None Include="source\crtw32\eh\user.cpp">
      <Filter>source\crtw32\eh</Filter>
    </None>
    <None Include="source\crtw32\eh\unhandld.cpp">
      <Filter>source\crtw32\eh</Filter>
    </None>
    <None Include="source\crtw32\eh\typname.cpp">
      <Filter>source\crtw32\eh</Filter>
    </None>
    <None Include="source\crtw32\eh\typinfo.cpp">
      <Filter>source\crtw32\eh</Filter>
    </None>
    <None Include="source\crtw32\eh\trnsctrl.cpp">
      <Filter>source\crtw32\eh</Filter>
    </None>
    <None Include="source\crtw32\eh\throw.cpp">
      <Filter>source\crtw32\eh</Filter>
    </None>
    <None Include="source\crtw32\eh\stdnewh.cpp">
      <Filter>source\crtw32\eh</Filter>
    </None>
    <None Include="source\crtw32\eh\stdexcpt.cpp">
      <Filter>source\crtw32\eh</Filter>
    </None>
    <None Include="source\crtw32\eh\rtti.cpp">
      <Filter>source\crtw32\eh</Filter>
    </None>
    <None Include="source\crtw32\eh\hooks.cpp">
      <Filter>source\crtw32\eh</Filter>
    </None>
    <None Include="source\crtw32\eh\frame.cpp">
      <Filter>source\crtw32\eh</Filter>
    </None>
    <None Include="source\crtw32\eh\ehvecdtr.cpp">
      <Filter>source\crtw32\eh</Filter>
    </None>
    <None Include="source\crtw32\eh\ehveccvb.cpp">
      <Filter>source\crtw32\eh</Filter>
    </None>
    <None Include="source\crtw32\eh\ehvecctr.cpp">
      <Filter>source\crtw32\eh</Filter>
    </None>
    <None Include="source\crtw32\eh\xundname.cpp">
      <Filter>source\crtw32\eh</Filter>
    </None>
    <None Include="source\crtw32\eh\csysex.cpp">
      <Filter>source\crtw32\eh</Filter>
    </None>
    <None Include="source\crtw32\startup\wcrt0.c">
      <Filter>source\crtw32\startup</Filter>
    </None>
    <None Include="source\crtw32\startup\wincrt0.c">
      <Filter>source\crtw32\startup</Filter>
    </None>
    <None Include="source\crtw32\startup\dllcrt0.c">
      <Filter>source\crtw32\startup</Filter>
    </None>
    <None Include="source\crtw32\startup\dllmain.c">
      <Filter>source\crtw32\startup</Filter>
    </None>
    <None Include="source\crtw32\startup\wwincrt0.c">
      <Filter>source\crtw32\startup</Filter>
    </None>
  </ItemGroup>
  <ItemGroup>
    <ClInclude Include="source\crtw32\h\winheap.h">
      <Filter>source\crtw32\h</Filter>
    </ClInclude>
    <ClInclude Include="source\crtw32\h\assert.h">
      <Filter>source\crtw32\h</Filter>
    </ClInclude>
    <ClInclude Include="source\crtw32\h\awint.h">
      <Filter>source\crtw32\h</Filter>
    </ClInclude>
    <ClInclude Include="source\crtw32\h\cmsgs.h">
      <Filter>source\crtw32\h</Filter>
    </ClInclude>
    <ClInclude Include="source\crtw32\h\conio.h">
      <Filter>source\crtw32\h</Filter>
    </ClInclude>
    <ClInclude Include="source\crtw32\h\crtdbg.h">
      <Filter>source\crtw32\h</Filter>
    </ClInclude>
    <ClInclude Include="source\crtw32\h\cruntime.h">
      <Filter>source\crtw32\h</Filter>
    </ClInclude>
    <ClInclude Include="source\crtw32\h\csysex.hxx">
      <Filter>source\crtw32\h</Filter>
    </ClInclude>
    <ClInclude Include="source\crtw32\h\ctime.h">
      <Filter>source\crtw32\h</Filter>
    </ClInclude>
    <ClInclude Include="source\crtw32\h\ctype.h">
      <Filter>source\crtw32\h</Filter>
    </ClInclude>
    <ClInclude Include="source\crtw32\h\cvt.h">
      <Filter>source\crtw32\h</Filter>
    </ClInclude>
    <ClInclude Include="source\crtw32\h\dbgint.h">
      <Filter>source\crtw32\h</Filter>
    </ClInclude>
    <ClInclude Include="source\crtw32\h\direct.h">
      <Filter>source\crtw32\h</Filter>
    </ClInclude>
    <ClInclude Include="source\crtw32\h\dos.h">
      <Filter>source\crtw32\h</Filter>
    </ClInclude>
    <ClInclude Include="source\crtw32\h\doscalls.h">
      <Filter>source\crtw32\h</Filter>
    </ClInclude>
    <ClInclude Include="source\crtw32\h\dostypes.h">
      <Filter>source\crtw32\h</Filter>
    </ClInclude>
    <ClInclude Include="source\crtw32\h\eh.h">
      <Filter>source\crtw32\h</Filter>
    </ClInclude>
    <ClInclude Include="source\crtw32\h\ehassert.h">
      <Filter>source\crtw32\h</Filter>
    </ClInclude>
    <ClInclude Include="source\crtw32\h\ehhooks.h">
      <Filter>source\crtw32\h</Filter>
    </ClInclude>
    <ClInclude Include="source\crtw32\h\ehstate.h">
      <Filter>source\crtw32\h</Filter>
    </ClInclude>
    <ClInclude Include="source\crtw32\h\errmsg.h">
      <Filter>source\crtw32\h</Filter>
    </ClInclude>
    <ClInclude Include="source\crtw32\h\errno.h">
      <Filter>source\crtw32\h</Filter>
    </ClInclude>
    <ClInclude Include="source\crtw32\h\error2.h">
      <Filter>source\crtw32\h</Filter>
    </ClInclude>
    <ClInclude Include="source\crtw32\h\error.h">
      <Filter>source\crtw32\h</Filter>
    </ClInclude>
    <ClInclude Include="source\crtw32\h\excpt.h">
      <Filter>source\crtw32\h</Filter>
    </ClInclude>
    <ClInclude Include="source\crtw32\h\fcntl.h">
      <Filter>source\crtw32\h</Filter>
    </ClInclude>
    <ClInclude Include="source\crtw32\h\file2.h">
      <Filter>source\crtw32\h</Filter>
    </ClInclude>
    <ClInclude Include="source\crtw32\h\float.h">
      <Filter>source\crtw32\h</Filter>
    </ClInclude>
    <ClInclude Include="source\crtw32\h\fltintrn.h">
      <Filter>source\crtw32\h</Filter>
    </ClInclude>
    <ClInclude Include="source\crtw32\h\fpieee.h">
      <Filter>source\crtw32\h</Filter>
    </ClInclude>
    <ClInclude Include="source\crtw32\h\fstream.h">
      <Filter>source\crtw32\h</Filter>
    </ClInclude>
    <ClInclude Include="source\crtw32\h\heap.h">
      <Filter>source\crtw32\h</Filter>
    </ClInclude>
    <ClInclude Include="source\crtw32\h\internal.h">
      <Filter>source\crtw32\h</Filter>
    </ClInclude>
    <ClInclude Include="source\crtw32\h\io.h">
      <Filter>source\crtw32\h</Filter>
    </ClInclude>
    <ClInclude Include="source\crtw32\h\iomanip.h">
      <Filter>source\crtw32\h</Filter>
    </ClInclude>
    <ClInclude Include="source\crtw32\h\ios.h">
      <Filter>source\crtw32\h</Filter>
    </ClInclude>
    <ClInclude Include="source\crtw32\h\iostream.h">
      <Filter>source\crtw32\h</Filter>
    </ClInclude>
    <ClInclude Include="source\crtw32\h\istream.h">
      <Filter>source\crtw32\h</Filter>
    </ClInclude>
    <ClInclude Include="source\crtw32\h\limits.h">
      <Filter>source\crtw32\h</Filter>
    </ClInclude>
    <ClInclude Include="source\crtw32\h\locale.h">
      <Filter>source\crtw32\h</Filter>
    </ClInclude>
    <ClInclude Include="source\crtw32\h\malloc.h">
      <Filter>source\crtw32\h</Filter>
    </ClInclude>
    <ClInclude Include="source\crtw32\h\math.h">
      <Filter>source\crtw32\h</Filter>
    </ClInclude>
    <ClInclude Include="source\crtw32\h\mbctype.h">
      <Filter>source\crtw32\h</Filter>
    </ClInclude>
    <ClInclude Include="source\crtw32\h\mbdata.h">
      <Filter>source\crtw32\h</Filter>
    </ClInclude>
    <ClInclude Include="source\crtw32\h\mbstring.h">
      <Filter>source\crtw32\h</Filter>
    </ClInclude>
    <ClInclude Include="source\crtw32\h\memory.h">
      <Filter>source\crtw32\h</Filter>
    </ClInclude>
    <ClInclude Include="source\crtw32\h\msdos.h">
      <Filter>source\crtw32\h</Filter>
    </ClInclude>
    <ClInclude Include="source\crtw32\h\mtdll.h">
      <Filter>source\crtw32\h</Filter>
    </ClInclude>
    <ClInclude Include="source\crtw32\h\mtest.h">
      <Filter>source\crtw32\h</Filter>
    </ClInclude>
    <ClInclude Include="source\crtw32\h\new.h">
      <Filter>source\crtw32\h</Filter>
    </ClInclude>
    <ClInclude Include="source\crtw32\h\nlsint.h">
      <Filter>source\crtw32\h</Filter>
    </ClInclude>
    <ClInclude Include="source\crtw32\h\oscalls.h">
      <Filter>source\crtw32\h</Filter>
    </ClInclude>
    <ClInclude Include="source\crtw32\h\ostream.h">
      <Filter>source\crtw32\h</Filter>
    </ClInclude>
    <ClInclude Include="source\crtw32\h\plstring.h">
      <Filter>source\crtw32\h</Filter>
    </ClInclude>
    <ClInclude Include="source\crtw32\h\process.h">
      <Filter>source\crtw32\h</Filter>
    </ClInclude>
    <ClInclude Include="source\crtw32\h\rterr.h">
      <Filter>source\crtw32\h</Filter>
    </ClInclude>
    <ClInclude Include="source\crtw32\h\rtti.h">
      <Filter>source\crtw32\h</Filter>
    </ClInclude>
    <ClInclude Include="source\crtw32\h\search.h">
      <Filter>source\crtw32\h</Filter>
    </ClInclude>
    <ClInclude Include="source\crtw32\h\setjmp.h">
      <Filter>source\crtw32\h</Filter>
    </ClInclude>
    <ClInclude Include="source\crtw32\h\setjmpex.h">
      <Filter>source\crtw32\h</Filter>
    </ClInclude>
    <ClInclude Include="source\crtw32\h\setlocal.h">
      <Filter>source\crtw32\h</Filter>
    </ClInclude>
    <ClInclude Include="source\crtw32\h\share.h">
      <Filter>source\crtw32\h</Filter>
    </ClInclude>
    <ClInclude Include="source\crtw32\h\signal.h">
      <Filter>source\crtw32\h</Filter>
    </ClInclude>
    <ClInclude Include="source\crtw32\h\sizeptr.h">
      <Filter>source\crtw32\h</Filter>
    </ClInclude>
    <ClInclude Include="source\crtw32\h\stdarg.h">
      <Filter>source\crtw32\h</Filter>
    </ClInclude>
    <ClInclude Include="source\crtw32\h\stddef.h">
      <Filter>source\crtw32\h</Filter>
    </ClInclude>
    <ClInclude Include="source\crtw32\h\stdexcpt.h">
      <Filter>source\crtw32\h</Filter>
    </ClInclude>
    <ClInclude Include="source\crtw32\h\stdio.h">
      <Filter>source\crtw32\h</Filter>
    </ClInclude>
    <ClInclude Include="source\crtw32\h\stdiostr.h">
      <Filter>source\crtw32\h</Filter>
    </ClInclude>
    <ClInclude Include="source\crtw32\h\stdlib.h">
      <Filter>source\crtw32\h</Filter>
    </ClInclude>
    <ClInclude Include="source\crtw32\h\streamb.h">
      <Filter>source\crtw32\h</Filter>
    </ClInclude>
    <ClInclude Include="source\crtw32\h\string.h">
      <Filter>source\crtw32\h</Filter>
    </ClInclude>
    <ClInclude Include="source\crtw32\h\strstrea.h">
      <Filter>source\crtw32\h</Filter>
    </ClInclude>
    <ClInclude Include="source\crtw32\h\syserr.h">
      <Filter>source\crtw32\h</Filter>
    </ClInclude>
    <ClInclude Include="source\crtw32\h\tchar.h">
      <Filter>source\crtw32\h</Filter>
    </ClInclude>
    <ClInclude Include="source\crtw32\h\time.h">
      <Filter>source\crtw32\h</Filter>
    </ClInclude>
    <ClInclude Include="source\crtw32\h\trnsctrl.h">
      <Filter>source\crtw32\h</Filter>
    </ClInclude>
    <ClInclude Include="source\crtw32\h\typeinfo.h">
      <Filter>source\crtw32\h</Filter>
    </ClInclude>
    <ClInclude Include="source\crtw32\h\v2tov3.h">
      <Filter>source\crtw32\h</Filter>
    </ClInclude>
    <ClInclude Include="source\crtw32\h\varargs.h">
      <Filter>source\crtw32\h</Filter>
    </ClInclude>
    <ClInclude Include="source\crtw32\h\wchar.h">
      <Filter>source\crtw32\h</Filter>
    </ClInclude>
    <ClInclude Include="source\crtw32\h\win32s.h">
      <Filter>source\crtw32\h</Filter>
    </ClInclude>
    <ClInclude Include="source\crtw32\h\sys\utime.h">
      <Filter>source\crtw32\h\sys</Filter>
    </ClInclude>
    <ClInclude Include="source\crtw32\h\sys\locking.h">
      <Filter>source\crtw32\h\sys</Filter>
    </ClInclude>
    <ClInclude Include="source\crtw32\h\sys\stat.h">
      <Filter>source\crtw32\h\sys</Filter>
    </ClInclude>
    <ClInclude Include="source\crtw32\h\sys\timeb.h">
      <Filter>source\crtw32\h\sys</Filter>
    </ClInclude>
    <ClInclude Include="source\crtw32\h\sys\types.h">
      <Filter>source\crtw32\h\sys</Filter>
    </ClInclude>
    <ClInclude Include="source\fpw32\include\cv.h">
      <Filter>source\fpw32\include</Filter>
    </ClInclude>
    <ClInclude Include="source\fpw32\include\testfdiv.h">
      <Filter>source\fpw32\include</Filter>
    </ClInclude>
    <ClInclude Include="source\fpw32\include\trans.h">
      <Filter>source\fpw32\include</Filter>
    </ClInclude>
    <ClInclude Include="crt_Globbal.h">
      <Filter>source</Filter>
    </ClInclude>
  </ItemGroup>
</Project>